{
    "_meta": {
        "hash": {
            "sha256": "77493900e16c73becc874935a975ccdfc7911dd1ce3af6cab6ec00d2e9ef6da2"
        },
        "pipfile-spec": 6,
        "requires": {
            "python_version": "3"
        },
        "sources": [
            {
                "name": "pypi",
                "url": "https://pypi.org/simple",
                "verify_ssl": true
            }
        ]
    },
    "default": {
        "briefkasten": {
            "editable": true,
            "path": "."
        },
        "chameleon": {
            "hashes": [
                "sha256:910cd729f6f7f38adad132ee51faa4f3ccc8344a6721aac31aa51a31f5781c1b",
                "sha256:f674cab262d7b8a26c38574e06f513e91f60c129887ff5ab6a3a2a46c03dd925"
            ],
            "markers": "python_version >= '3.9'",
            "version": "==4.6.0"
        },
        "click": {
            "hashes": [
                "sha256:27c491cc05d968d271d5a1db13e3b5a184636d9d930f148c50b038f0d0646202",
                "sha256:61a3265b914e850b85317d0b3109c7f8cd35a670f963866005d6ef1d5175a12b"
            ],
            "markers": "python_version >= '3.10'",
            "version": "==8.2.1"
        },
        "colander": {
            "hashes": [
                "sha256:419cd68178d2ee6ee4cae5d5cb1830725634b0a2840917156e89eb2592237ef3",
                "sha256:cb6b929fd0e79cdd3d310d3229e8f7884bd4fddd5cbf1d882063a6fb283b272b"
            ],
            "markers": "python_version >= '3.7'",
            "version": "==2.0"
        },
        "cssselect": {
            "hashes": [
                "sha256:56d1bf3e198080cc1667e137bc51de9cadfca259f03c2d4e09037b3e01e30f0d",
                "sha256:57f8a99424cfab289a1b6a816a43075a4b00948c86b4dcf3ef4ee7e15f7ab0c7"
            ],
            "markers": "python_version >= '3.9'",
            "version": "==1.3.0"
        },
        "diazo": {
            "hashes": [
                "sha256:9825e30e7789da8a14436ee642470c62440a9215d329078beb68b12ff6e3aa2e",
                "sha256:ebe64ad59208867b8efd4666bb27c67fcc5ee72047a03177f6cf810db3f39f9a"
            ],
            "markers": "python_version >= '3.8'",
            "version": "==2.0.3"
        },
        "future": {
            "hashes": [
                "sha256:929292d34f5872e70396626ef385ec22355a1fae8ad29e1a734c3e43f9fbc216",
                "sha256:bd2968309307861edae1458a4f8a4f3598c03be43b97521076aebf5d94c07b05"
            ],
            "markers": "python_version >= '2.6' and python_version not in '3.0, 3.1, 3.2'",
            "version": "==1.0.0"
        },
        "humanfriendly": {
            "hashes": [
                "sha256:1697e1a8a8f550fd43c2865cd84542fc175a61dcb779b6fee18cf6b6ccba1477",
                "sha256:6b0b831ce8f15f7300721aa49829fc4e83921a9a301cc7f606be6686a2288ddc"
            ],
            "markers": "python_version >= '2.7' and python_version not in '3.0, 3.1, 3.2, 3.3, 3.4'",
            "version": "==10.0"
        },
        "hupper": {
            "hashes": [
                "sha256:06bf54170ff4ecf4c84ad5f188dee3901173ab449c2608ad05b9bfd6b13e32eb",
                "sha256:e872b959f09d90be5fb615bd2e62de89a0b57efc037bdf9637fb09cdf8552b19"
            ],
            "markers": "python_version >= '3.7'",
            "version": "==1.12.1"
        },
        "iso8601": {
            "hashes": [
                "sha256:6b1d3829ee8921c4301998c909f7829fa9ed3cbdac0d3b16af2d743aed1ba8df",
                "sha256:aac4145c4dcb66ad8b648a02830f5e2ff6c24af20f4f482689be402db2429242"
            ],
            "markers": "python_version >= '3.7' and python_version < '4.0'",
            "version": "==2.1.0"
        },
        "itsdangerous": {
            "hashes": [
                "sha256:c6242fc49e35958c8b15141343aa660db5fc54d4f13a1db01a3f5891b98700ef",
                "sha256:e0050c0b7da1eea53ffaf149c0cfbb5c6e2e2b69c4bef22c81fa6eb73e5f6173"
            ],
            "markers": "python_version >= '3.8'",
            "version": "==2.2.0"
        },
        "jinja2": {
            "hashes": [
                "sha256:0137fb05990d35f1275a587e9aee6d56da821fc83491a0fb838183be43f66d6d",
                "sha256:85ece4451f492d0c13c5dd7c13a64681a86afae63a5f347908daf103ce6d2f67"
            ],
            "markers": "python_version >= '3.7'",
            "version": "==3.1.6"
        },
        "legacy-cgi": {
            "hashes": [
                "sha256:4c119d6cb8e9d8b6ad7cc0ddad880552c62df4029622835d06dfd18f438a8154",
                "sha256:6df2ea5ae14c71ef6f097f8b6372b44f6685283dc018535a75c924564183cdab"
            ],
            "markers": "python_version >= '3.8'",
            "version": "==2.6.3"
        },
        "lxml": {
            "hashes": [
                "sha256:01dab65641201e00c69338c9c2b8a0f2f484b6b3a22d10779bb417599fae32b5",
                "sha256:021497a94907c5901cd49d24b5b0fdd18d198a06611f5ce26feeb67c901b92f2",
                "sha256:02a0f7e629f73cc0be598c8b0611bf28ec3b948c549578a26111b01307fd4051",
                "sha256:038d3c08babcfce9dc89aaf498e6da205efad5b7106c3b11830a488d4eadf56b",
                "sha256:03b12214fb1608f4cffa181ec3d046c72f7e77c345d06222144744c122ded870",
                "sha256:07038c62fd0fe2743e2f5326f54d464715373c791035d7dda377b3c9a5d0ad77",
                "sha256:09c74afc7786c10dd6afaa0be2e4805866beadc18f1d843cf517a7851151b499",
                "sha256:0abfbaf4ebbd7fd33356217d317b6e4e2ef1648be6a9476a52b57ffc6d8d1780",
                "sha256:0c8f7905f1971c2c408badf49ae0ef377cc54759552bcf08ae7a0a8ed18999c2",
                "sha256:0cce65db0cd8c750a378639900d56f89f7d6af11cd5eda72fde054d27c54b8ce",
                "sha256:0d21c9cacb6a889cbb8eeb46c77ef2c1dd529cde10443fdeb1de847b3193c541",
                "sha256:0ef8cd44a080bfb92776047d11ab64875faf76e0d8be20ea3ff0c1e67b3fc9cb",
                "sha256:10a72e456319b030b3dd900df6b1f19d89adf06ebb688821636dc406788cf6ac",
                "sha256:11a052cbd013b7140bbbb38a14e2329b6192478344c99097e378c691b7119551",
                "sha256:1bce45a2c32032afddbd84ed8ab092130649acb935536ef7a9559636ce7ffd4a",
                "sha256:1beca37c6e7a4ddd1ca24829e2c6cb60b5aad0d6936283b5b9909a7496bd97af",
                "sha256:1dc13405bf315d008fe02b1472d2a9d65ee1c73c0a06de5f5a45e6e404d9a1c0",
                "sha256:1e9dc2b9f1586e7cd77753eae81f8d76220eed9b768f337dc83a3f675f2f0cf9",
                "sha256:1ebbf2d9775be149235abebdecae88fe3b3dd06b1797cd0f6dffe6948e85309d",
                "sha256:207ae0d5f0f03b30f95e649a6fa22aa73f5825667fee9c7ec6854d30e19f2ed8",
                "sha256:21300d8c1bbcc38925aabd4b3c2d6a8b09878daf9e8f2035f09b5b002bcddd66",
                "sha256:21344d29c82ca8547ea23023bb8e7538fa5d4615a1773b991edf8176a870c1ea",
                "sha256:21e364e1bb731489e3f4d51db416f991a5d5da5d88184728d80ecfb0904b1d68",
                "sha256:2287fadaa12418a813b05095485c286c47ea58155930cfbd98c590d25770e225",
                "sha256:2516acc6947ecd3c41a4a4564242a87c6786376989307284ddb115f6a99d927f",
                "sha256:2719e42acda8f3444a0d88204fd90665116dda7331934da4d479dd9296c33ce2",
                "sha256:2834377b0145a471a654d699bdb3a2155312de492142ef5a1d426af2c60a0a31",
                "sha256:299a790d403335a6a057ade46f92612ebab87b223e4e8c5308059f2dc36f45ed",
                "sha256:29b0e849ec7030e3ecb6112564c9f7ad6881e3b2375dd4a0c486c5c1f3a33859",
                "sha256:2b3a882ebf27dd026df3801a87cf49ff791336e0f94b0fad195db77e01240690",
                "sha256:2e2b0e042e1408bbb1c5f3cfcb0f571ff4ac98d8e73f4bf37c5dd179276beedd",
                "sha256:32297b09ed4b17f7b3f448de87a92fb31bb8747496623483788e9f27c98c0f00",
                "sha256:33b862c7e3bbeb4ba2c96f3a039f925c640eeba9087a4dc7a572ec0f19d89392",
                "sha256:36c8fa7e177649470bc3dcf7eae6bee1e4984aaee496b9ccbf30e97ac4127fa2",
                "sha256:3b38e20c578149fdbba1fd3f36cb1928a3aaca4b011dfd41ba09d11fb396e1b9",
                "sha256:405e7cf9dbdbb52722c231e0f1257214202dfa192327fab3de45fd62e0554082",
                "sha256:42897fe8cb097274087fafc8251a39b4cf8d64a7396d49479bdc00b3587331cb",
                "sha256:433ab647dad6a9fb31418ccd3075dcb4405ece75dced998789fe14a8e1e3785c",
                "sha256:445f2cee71c404ab4259bc21e20339a859f75383ba2d7fb97dfe7c163994287b",
                "sha256:4588806a721552692310ebe9f90c17ac6c7c5dac438cd93e3d74dd60531c3211",
                "sha256:45cbc92f9d22c28cd3b97f8d07fcefa42e569fbd587dfdac76852b16a4924277",
                "sha256:45fdd0415a0c3d91640b5d7a650a8f37410966a2e9afebb35979d06166fd010e",
                "sha256:47ab1aff82a95a07d96c1eff4eaebec84f823e0dfb4d9501b1fbf9621270c1d3",
                "sha256:485eda5d81bb7358db96a83546949c5fe7474bec6c68ef3fa1fb61a584b00eea",
                "sha256:48c8d335d8ab72f9265e7ba598ae5105a8272437403f4032107dbcb96d3f0b29",
                "sha256:48da704672f6f9c461e9a73250440c647638cc6ff9567ead4c3b1f189a604ee8",
                "sha256:50b5e54f6a9461b1e9c08b4a3420415b538d4773bd9df996b9abcbfe95f4f1fd",
                "sha256:51bd5d1a9796ca253db6045ab45ca882c09c071deafffc22e06975b7ace36300",
                "sha256:537b6cf1c5ab88cfd159195d412edb3e434fee880f206cbe68dff9c40e17a68a",
                "sha256:57478424ac4c9170eabf540237125e8d30fad1940648924c058e7bc9fb9cf6dd",
                "sha256:57744270a512a93416a149f8b6ea1dbbbee127f5edcbcd5adf28e44b6ff02f33",
                "sha256:5c17e70c82fd777df586c12114bbe56e4e6f823a971814fd40dec9c0de518772",
                "sha256:5d08e0f1af6916267bb7eff21c09fa105620f07712424aaae09e8cb5dd4164d1",
                "sha256:615bb6c73fed7929e3a477a3297a797892846b253d59c84a62c98bdce3849a0a",
                "sha256:620869f2a3ec1475d000b608024f63259af8d200684de380ccb9650fbc14d1bb",
                "sha256:64fac7a05ebb3737b79fd89fe5a5b6c5546aac35cfcfd9208eb6e5d13215771c",
                "sha256:6f393e10685b37f15b1daef8aa0d734ec61860bb679ec447afa0001a31e7253f",
                "sha256:70f540c229a8c0a770dcaf6d5af56a5295e0fc314fc7ef4399d543328054bcea",
                "sha256:74555e2da7c1636e30bff4e6e38d862a634cf020ffa591f1f63da96bf8b34772",
                "sha256:7587ac5e000e1594e62278422c5783b34a82b22f27688b1074d71376424b73e8",
                "sha256:7a3ec1373f7d3f519de595032d4dcafae396c29407cfd5073f42d267ba32440d",
                "sha256:7a44a5fb1edd11b3a65c12c23e1049c8ae49d90a24253ff18efbcb6aa042d012",
                "sha256:7c23fd8c839708d368e406282d7953cee5134f4592ef4900026d84566d2b4c88",
                "sha256:7e18224ea241b657a157c85e9cac82c2b113ec90876e01e1f127312006233756",
                "sha256:7f36e4a2439d134b8e70f92ff27ada6fb685966de385668e21c708021733ead1",
                "sha256:7fd70681aeed83b196482d42a9b0dc5b13bab55668d09ad75ed26dff3be5a2f5",
                "sha256:8466faa66b0353802fb7c054a400ac17ce2cf416e3ad8516eadeff9cba85b741",
                "sha256:847458b7cd0d04004895f1fb2cca8e7c0f8ec923c49c06b7a72ec2d48ea6aca2",
                "sha256:8e5d116b9e59be7934febb12c41cce2038491ec8fdb743aeacaaf36d6e7597e4",
                "sha256:8f5cf2addfbbe745251132c955ad62d8519bb4b2c28b0aa060eca4541798d86e",
                "sha256:911d0a2bb3ef3df55b3d97ab325a9ca7e438d5112c102b8495321105d25a441b",
                "sha256:9283997edb661ebba05314da1b9329e628354be310bbf947b0faa18263c5df1b",
                "sha256:92a08aefecd19ecc4ebf053c27789dd92c87821df2583a4337131cf181a1dffa",
                "sha256:9696d491f156226decdd95d9651c6786d43701e49f32bf23715c975539aa2b3b",
                "sha256:9705cdfc05142f8c38c97a61bd3a29581ceceb973a014e302ee4a73cc6632476",
                "sha256:987ad5c3941c64031f59c226167f55a04d1272e76b241bfafc968bdb778e07fb",
                "sha256:a07a994d3c46cd4020c1ea566345cf6815af205b1e948213a4f0f1d392182072",
                "sha256:a389e9f11c010bd30531325805bbe97bdf7f728a73d0ec475adef57ffec60547",
                "sha256:a57d9eb9aadf311c9e8785230eec83c6abb9aef2adac4c0587912caf8f3010b8",
                "sha256:a5ec101a92ddacb4791977acfc86c1afd624c032974bfb6a21269d1083c9bc49",
                "sha256:a6aeca75959426b9fd8d4782c28723ba224fe07cfa9f26a141004210528dcbe2",
                "sha256:aa8f130f4b2dc94baa909c17bb7994f0268a2a72b9941c872e8e558fd6709050",
                "sha256:abb05a45394fd76bf4a60c1b7bec0e6d4e8dfc569fc0e0b1f634cd983a006ddc",
                "sha256:afae3a15889942426723839a3cf56dab5e466f7d873640a7a3c53abc671e2387",
                "sha256:b0fa45fb5f55111ce75b56c703843b36baaf65908f8b8d2fbbc0e249dbc127ed",
                "sha256:b4e597efca032ed99f418bd21314745522ab9fa95af33370dcee5533f7f70136",
                "sha256:b556aaa6ef393e989dac694b9c95761e32e058d5c4c11ddeef33f790518f7a5e",
                "sha256:bdf8f7c8502552d7bff9e4c98971910a0a59f60f88b5048f608d0a1a75e94d1c",
                "sha256:beab5e54de016e730875f612ba51e54c331e2fa6dc78ecf9a5415fc90d619348",
                "sha256:bfa30ef319462242333ef8f0c7631fb8b8b8eae7dca83c1f235d2ea2b7f8ff2b",
                "sha256:c03ac546adaabbe0b8e4a15d9ad815a281afc8d36249c246aecf1aaad7d6f200",
                "sha256:c238f0d0d40fdcb695c439fe5787fa69d40f45789326b3bb6ef0d61c4b588d6e",
                "sha256:c372d42f3eee5844b69dcab7b8d18b2f449efd54b46ac76970d6e06b8e8d9a66",
                "sha256:c43460f4aac016ee0e156bfa14a9de9b3e06249b12c228e27654ac3996a46d5b",
                "sha256:c4be29bce35020d8579d60aa0a4e95effd66fcfce31c46ffddf7e5422f73a299",
                "sha256:c6acde83f7a3d6399e6d83c1892a06ac9b14ea48332a5fbd55d60b9897b9570a",
                "sha256:c71a0ce0e08c7e11e64895c720dc7752bf064bfecd3eb2c17adcd7bfa8ffb22c",
                "sha256:cb46f8cfa1b0334b074f40c0ff94ce4d9a6755d492e6c116adb5f4a57fb6ad96",
                "sha256:cc73bb8640eadd66d25c5a03175de6801f63c535f0f3cf50cac2f06a8211f420",
                "sha256:d12160adea318ce3d118f0b4fbdff7d1225c75fb7749429541b4d217b85c3f76",
                "sha256:d2f73aef768c70e8deb8c4742fca4fd729b132fda68458518851c7735b55297e",
                "sha256:d417eba28981e720a14fcb98f95e44e7a772fe25982e584db38e5d3b6ee02e79",
                "sha256:d4c5acb9bc22f2026bbd0ecbfdb890e9b3e5b311b992609d35034706ad111b5d",
                "sha256:d877874a31590b72d1fa40054b50dc33084021bfc15d01b3a661d85a302af821",
                "sha256:e352d8578e83822d70bea88f3d08b9912528e4c338f04ab707207ab12f4b7aac",
                "sha256:e38b5f94c5a2a5dadaddd50084098dfd005e5a2a56cd200aaf5e0a20e8941782",
                "sha256:e4e3cd3585f3c6f87cdea44cda68e692cc42a012f0131d25957ba4ce755241a7",
                "sha256:e7f4066b85a4fa25ad31b75444bd578c3ebe6b8ed47237896341308e2ce923c3",
                "sha256:e89d977220f7b1f0c725ac76f5c65904193bd4c264577a3af9017de17560ea7e",
                "sha256:ea27626739e82f2be18cbb1aff7ad59301c723dc0922d9a00bc4c27023f16ab7",
                "sha256:edb975280633a68d0988b11940834ce2b0fece9f5278297fc50b044cb713f0e1",
                "sha256:f1b60a3287bf33a2a54805d76b82055bcc076e445fd539ee9ae1fe85ed373691",
                "sha256:f7bbfb0751551a8786915fc6b615ee56344dacc1b1033697625b553aefdd9837",
                "sha256:f8c9bcfd2e12299a442fba94459adf0b0d001dbc68f1594439bfa10ad1ecb74b",
                "sha256:fa164387ff20ab0e575fa909b11b92ff1481e6876835014e70280769920c4433",
                "sha256:faa7233bdb7a4365e2411a665d034c370ac82798a926e65f76c26fbbf0fd14b7"
            ],
            "markers": "python_version >= '3.8'",
            "version": "==6.0.1"
        },
        "markupsafe": {
            "hashes": [
                "sha256:0bff5e0ae4ef2e1ae4fdf2dfd5b76c75e5c2fa4132d05fc1b0dabcd20c7e28c4",
                "sha256:0f4ca02bea9a23221c0182836703cbf8930c5e9454bacce27e767509fa286a30",
                "sha256:1225beacc926f536dc82e45f8a4d68502949dc67eea90eab715dea3a21c1b5f0",
                "sha256:131a3c7689c85f5ad20f9f6fb1b866f402c445b220c19fe4308c0b147ccd2ad9",
                "sha256:15ab75ef81add55874e7ab7055e9c397312385bd9ced94920f2802310c930396",
                "sha256:1a9d3f5f0901fdec14d8d2f66ef7d035f2157240a433441719ac9a3fba440b13",
                "sha256:1c99d261bd2d5f6b59325c92c73df481e05e57f19837bdca8413b9eac4bd8028",
                "sha256:1e084f686b92e5b83186b07e8a17fc09e38fff551f3602b249881fec658d3eca",
                "sha256:2181e67807fc2fa785d0592dc2d6206c019b9502410671cc905d132a92866557",
                "sha256:2cb8438c3cbb25e220c2ab33bb226559e7afb3baec11c4f218ffa7308603c832",
                "sha256:3169b1eefae027567d1ce6ee7cae382c57fe26e82775f460f0b2778beaad66c0",
                "sha256:3809ede931876f5b2ec92eef964286840ed3540dadf803dd570c3b7e13141a3b",
                "sha256:38a9ef736c01fccdd6600705b09dc574584b89bea478200c5fbf112a6b0d5579",
                "sha256:3d79d162e7be8f996986c064d1c7c817f6df3a77fe3d6859f6f9e7be4b8c213a",
                "sha256:444dcda765c8a838eaae23112db52f1efaf750daddb2d9ca300bcae1039adc5c",
                "sha256:48032821bbdf20f5799ff537c7ac3d1fba0ba032cfc06194faffa8cda8b560ff",
                "sha256:4aa4e5faecf353ed117801a068ebab7b7e09ffb6e1d5e412dc852e0da018126c",
                "sha256:52305740fe773d09cffb16f8ed0427942901f00adedac82ec8b67752f58a1b22",
                "sha256:569511d3b58c8791ab4c2e1285575265991e6d8f8700c7be0e88f86cb0672094",
                "sha256:57cb5a3cf367aeb1d316576250f65edec5bb3be939e9247ae594b4bcbc317dfb",
                "sha256:5b02fb34468b6aaa40dfc198d813a641e3a63b98c2b05a16b9f80b7ec314185e",
                "sha256:6381026f158fdb7c72a168278597a5e3a5222e83ea18f543112b2662a9b699c5",
                "sha256:6af100e168aa82a50e186c82875a5893c5597a0c1ccdb0d8b40240b1f28b969a",
                "sha256:6c89876f41da747c8d3677a2b540fb32ef5715f97b66eeb0c6b66f5e3ef6f59d",
                "sha256:6e296a513ca3d94054c2c881cc913116e90fd030ad1c656b3869762b754f5f8a",
                "sha256:70a87b411535ccad5ef2f1df5136506a10775d267e197e4cf531ced10537bd6b",
                "sha256:7e94c425039cde14257288fd61dcfb01963e658efbc0ff54f5306b06054700f8",
                "sha256:846ade7b71e3536c4e56b386c2a47adf5741d2d8b94ec9dc3e92e5e1ee1e2225",
                "sha256:88416bd1e65dcea10bc7569faacb2c20ce071dd1f87539ca2ab364bf6231393c",
                "sha256:88b49a3b9ff31e19998750c38e030fc7bb937398b1f78cfa599aaef92d693144",
                "sha256:8c4e8c3ce11e1f92f6536ff07154f9d49677ebaaafc32db9db4620bc11ed480f",
                "sha256:8e06879fc22a25ca47312fbe7c8264eb0b662f6db27cb2d3bbbc74b1df4b9b87",
                "sha256:9025b4018f3a1314059769c7bf15441064b2207cb3f065e6ea1e7359cb46db9d",
                "sha256:93335ca3812df2f366e80509ae119189886b0f3c2b81325d39efdb84a1e2ae93",
                "sha256:9778bd8ab0a994ebf6f84c2b949e65736d5575320a17ae8984a77fab08db94cf",
                "sha256:9e2d922824181480953426608b81967de705c3cef4d1af983af849d7bd619158",
                "sha256:a123e330ef0853c6e822384873bef7507557d8e4a082961e1defa947aa59ba84",
                "sha256:a904af0a6162c73e3edcb969eeeb53a63ceeb5d8cf642fade7d39e7963a22ddb",
                "sha256:ad10d3ded218f1039f11a75f8091880239651b52e9bb592ca27de44eed242a48",
                "sha256:b424c77b206d63d500bcb69fa55ed8d0e6a3774056bdc4839fc9298a7edca171",
                "sha256:b5a6b3ada725cea8a5e634536b1b01c30bcdcd7f9c6fff4151548d5bf6b3a36c",
                "sha256:ba8062ed2cf21c07a9e295d5b8a2a5ce678b913b45fdf68c32d95d6c1291e0b6",
                "sha256:ba9527cdd4c926ed0760bc301f6728ef34d841f405abf9d4f959c478421e4efd",
                "sha256:bbcb445fa71794da8f178f0f6d66789a28d7319071af7a496d4d507ed566270d",
                "sha256:bcf3e58998965654fdaff38e58584d8937aa3096ab5354d493c77d1fdd66d7a1",
                "sha256:c0ef13eaeee5b615fb07c9a7dadb38eac06a0608b41570d8ade51c56539e509d",
                "sha256:cabc348d87e913db6ab4aa100f01b08f481097838bdddf7c7a84b7575b7309ca",
                "sha256:cdb82a876c47801bb54a690c5ae105a46b392ac6099881cdfb9f6e95e4014c6a",
                "sha256:cfad01eed2c2e0c01fd0ecd2ef42c492f7f93902e39a42fc9ee1692961443a29",
                "sha256:d16a81a06776313e817c951135cf7340a3e91e8c1ff2fac444cfd75fffa04afe",
                "sha256:d8213e09c917a951de9d09ecee036d5c7d36cb6cb7dbaece4c71a60d79fb9798",
                "sha256:e07c3764494e3776c602c1e78e298937c3315ccc9043ead7e685b7f2b8d47b3c",
                "sha256:e17c96c14e19278594aa4841ec148115f9c7615a47382ecb6b82bd8fea3ab0c8",
                "sha256:e444a31f8db13eb18ada366ab3cf45fd4b31e4db1236a4448f68778c1d1a5a2f",
                "sha256:e6a2a455bd412959b57a172ce6328d2dd1f01cb2135efda2e4576e8a23fa3b0f",
                "sha256:eaa0a10b7f72326f1372a713e73c3f739b524b3af41feb43e4921cb529f5929a",
                "sha256:eb7972a85c54febfb25b5c4b4f3af4dcc731994c7da0d8a0b4a6eb0640e1d178",
                "sha256:ee55d3edf80167e48ea11a923c7386f4669df67d7994554387f84e7d8b0a2bf0",
                "sha256:f3818cb119498c0678015754eba762e0d61e5b52d34c8b13d770f0719f7b1d79",
                "sha256:f8b3d067f2e40fe93e1ccdd6b2e1d16c43140e76f02fb1319a05cf2b79d99430",
                "sha256:fcabf5ff6eea076f859677f5f0b6b5c1a51e70a376b0579e0eadef8db48c6b50"
            ],
            "markers": "python_version >= '3.9'",
            "version": "==3.0.2"
        },
        "paste": {
            "hashes": [
                "sha256:1c3d12065a5e8a7a18c0c7be1653a97cf38cc3e9a5a0c8334a9dd992d3a05e4a",
                "sha256:995e9994b6a94a2bdd8bd9654fb70ca3946ffab75442468bacf31b4d06481c3d"
            ],
            "markers": "python_version >= '3'",
            "version": "==3.10.1"
        },
        "pastedeploy": {
            "hashes": [
                "sha256:76388ad53a661448d436df28c798063108f70e994ddc749540d733cdbd1b38cf",
                "sha256:9ddbaf152f8095438a9fe81f82c78a6714b92ae8e066bed418b6a7ff6a095a95"
            ],
            "markers": "python_version >= '3.7'",
            "version": "==3.1.0"
        },
        "plaster": {
            "hashes": [
                "sha256:42992ab1f4865f1278e2ad740e8ad145683bb4022e03534265528f0c23c0df2d",
                "sha256:f8befc54bf8c1147c10ab40297ec84c2676fa2d4ea5d6f524d9436a80074ef98"
            ],
            "markers": "python_version >= '3.7'",
            "version": "==1.1.2"
        },
        "plaster-pastedeploy": {
            "hashes": [
                "sha256:ad3550cc744648969ed3b810f33c9344f515ee8d8a8cec18e8f2c4a643c2181f",
                "sha256:be262e6d2e41a7264875daa2fe2850cbb0615728bcdc92828fdc72736e381412"
            ],
            "markers": "python_version >= '3.7'",
            "version": "==1.0.1"
        },
        "pyramid": {
            "hashes": [
                "sha256:2e6585ac55c147f0a51bc00dadf72075b3bdd9a871b332ff9e5e04117ccd76fa",
                "sha256:372138a738e4216535cc76dcce6eddd5a1aaca95130f2354fb834264c06f18de"
            ],
            "markers": "python_version >= '3.6'",
            "version": "==2.0.2"
        },
        "pyramid-chameleon": {
            "hashes": [
                "sha256:d176792a50eb015d7865b44bd9b24a7bd0489fa9a5cebbd17b9e05048cef9017"
            ],
            "version": "==0.3"
        },
        "python-gnupg": {
            "hashes": [
                "sha256:3fdcaf76f60a1b948ff8e37dc398d03cf9ce7427065d583082b92da7a4ff5a63",
                "sha256:51fa7b8831ff0914bc73d74c59b99c613de7247b91294323c39733bb85ac3fc1"
            ],
            "version": "==0.5.5"
        },
        "pyyaml": {
            "hashes": [
                "sha256:01179a4a8559ab5de078078f37e5c1a30d76bb88519906844fd7bdea1b7729ff",
                "sha256:0833f8694549e586547b576dcfaba4a6b55b9e96098b36cdc7ebefe667dfed48",
                "sha256:0a9a2848a5b7feac301353437eb7d5957887edbf81d56e903999a75a3d743086",
                "sha256:0b69e4ce7a131fe56b7e4d770c67429700908fc0752af059838b1cfb41960e4e",
                "sha256:0ffe8360bab4910ef1b9e87fb812d8bc0a308b0d0eef8c8f44e0254ab3b07133",
                "sha256:11d8f3dd2b9c1207dcaf2ee0bbbfd5991f571186ec9cc78427ba5bd32afae4b5",
                "sha256:17e311b6c678207928d649faa7cb0d7b4c26a0ba73d41e99c4fff6b6c3276484",
                "sha256:1e2120ef853f59c7419231f3bf4e7021f1b936f6ebd222406c3b60212205d2ee",
                "sha256:1f71ea527786de97d1a0cc0eacd1defc0985dcf6b3f17bb77dcfc8c34bec4dc5",
                "sha256:23502f431948090f597378482b4812b0caae32c22213aecf3b55325e049a6c68",
                "sha256:24471b829b3bf607e04e88d79542a9d48bb037c2267d7927a874e6c205ca7e9a",
                "sha256:29717114e51c84ddfba879543fb232a6ed60086602313ca38cce623c1d62cfbf",
                "sha256:2e99c6826ffa974fe6e27cdb5ed0021786b03fc98e5ee3c5bfe1fd5015f42b99",
                "sha256:39693e1f8320ae4f43943590b49779ffb98acb81f788220ea932a6b6c51004d8",
                "sha256:3ad2a3decf9aaba3d29c8f537ac4b243e36bef957511b4766cb0057d32b0be85",
                "sha256:3b1fdb9dc17f5a7677423d508ab4f243a726dea51fa5e70992e59a7411c89d19",
                "sha256:41e4e3953a79407c794916fa277a82531dd93aad34e29c2a514c2c0c5fe971cc",
                "sha256:43fa96a3ca0d6b1812e01ced1044a003533c47f6ee8aca31724f78e93ccc089a",
                "sha256:50187695423ffe49e2deacb8cd10510bc361faac997de9efef88badc3bb9e2d1",
                "sha256:5ac9328ec4831237bec75defaf839f7d4564be1e6b25ac710bd1a96321cc8317",
                "sha256:5d225db5a45f21e78dd9358e58a98702a0302f2659a3c6cd320564b75b86f47c",
                "sha256:6395c297d42274772abc367baaa79683958044e5d3835486c16da75d2a694631",
                "sha256:688ba32a1cffef67fd2e9398a2efebaea461578b0923624778664cc1c914db5d",
                "sha256:68ccc6023a3400877818152ad9a1033e3db8625d899c72eacb5a668902e4d652",
                "sha256:70b189594dbe54f75ab3a1acec5f1e3faa7e8cf2f1e08d9b561cb41b845f69d5",
                "sha256:797b4f722ffa07cc8d62053e4cff1486fa6dc094105d13fea7b1de7d8bf71c9e",
                "sha256:7c36280e6fb8385e520936c3cb3b8042851904eba0e58d277dca80a5cfed590b",
                "sha256:7e7401d0de89a9a855c839bc697c079a4af81cf878373abd7dc625847d25cbd8",
                "sha256:80bab7bfc629882493af4aa31a4cfa43a4c57c83813253626916b8c7ada83476",
                "sha256:82d09873e40955485746739bcb8b4586983670466c23382c19cffecbf1fd8706",
                "sha256:8388ee1976c416731879ac16da0aff3f63b286ffdd57cdeb95f3f2e085687563",
                "sha256:8824b5a04a04a047e72eea5cec3bc266db09e35de6bdfe34c9436ac5ee27d237",
                "sha256:8b9c7197f7cb2738065c481a0461e50ad02f18c78cd75775628afb4d7137fb3b",
                "sha256:9056c1ecd25795207ad294bcf39f2db3d845767be0ea6e6a34d856f006006083",
                "sha256:936d68689298c36b53b29f23c6dbb74de12b4ac12ca6cfe0e047bedceea56180",
                "sha256:9b22676e8097e9e22e36d6b7bda33190d0d400f345f23d4065d48f4ca7ae0425",
                "sha256:a4d3091415f010369ae4ed1fc6b79def9416358877534caf6a0fdd2146c87a3e",
                "sha256:a8786accb172bd8afb8be14490a16625cbc387036876ab6ba70912730faf8e1f",
                "sha256:a9f8c2e67970f13b16084e04f134610fd1d374bf477b17ec1599185cf611d725",
                "sha256:bc2fa7c6b47d6bc618dd7fb02ef6fdedb1090ec036abab80d4681424b84c1183",
                "sha256:c70c95198c015b85feafc136515252a261a84561b7b1d51e3384e0655ddf25ab",
                "sha256:cc1c1159b3d456576af7a3e4d1ba7e6924cb39de8f67111c735f6fc832082774",
                "sha256:ce826d6ef20b1bc864f0a68340c8b3287705cae2f8b4b1d932177dcc76721725",
                "sha256:d584d9ec91ad65861cc08d42e834324ef890a082e591037abe114850ff7bbc3e",
                "sha256:d7fded462629cfa4b685c5416b949ebad6cec74af5e2d42905d41e257e0869f5",
                "sha256:d84a1718ee396f54f3a086ea0a66d8e552b2ab2017ef8b420e92edbc841c352d",
                "sha256:d8e03406cac8513435335dbab54c0d385e4a49e4945d2909a581c83647ca0290",
                "sha256:e10ce637b18caea04431ce14fabcf5c64a1c61ec9c56b071a4b7ca131ca52d44",
                "sha256:ec031d5d2feb36d1d1a24380e4db6d43695f3748343d99434e6f5f9156aaa2ed",
                "sha256:ef6107725bd54b262d6dedcc2af448a266975032bc85ef0172c5f059da6325b4",
                "sha256:efdca5630322a10774e8e98e1af481aad470dd62c3170801852d752aa7a783ba",
                "sha256:f753120cb8181e736c57ef7636e83f31b9c0d1722c516f7e86cf15b7aa57ff12",
                "sha256:ff3824dc5261f50c9b0dfb3be22b4567a6f938ccce4587b38952d85fd9e9afe4"
            ],
            "markers": "python_version >= '3.8'",
            "version": "==6.0.2"
        },
        "repoze.xmliter": {
            "hashes": [
                "sha256:3682ac26dc38ea21b73eb877d2e612b6c671275ffe3fcf6ed15317b209f97cb2"
            ],
            "version": "==0.6.1"
        },
        "setuptools": {
            "hashes": [
                "sha256:062d34222ad13e0cc312a4c02d73f059e86a4acbfbdea8f8f76b28c99f306922",
                "sha256:f36b47402ecde768dbfafc46e8e4207b4360c654f1f3bb84475f0a28628fb19c"
            ],
            "markers": "python_version >= '3.9'",
            "version": "==80.9.0"
        },
        "translationstring": {
            "hashes": [
                "sha256:5f4dc4d939573db851c8d840551e1a0fb27b946afe3b95aafc22577eed2d6262",
                "sha256:bf947538d76e69ba12ab17283b10355a9ecfbc078e6123443f43f2107f6376f3"
            ],
            "version": "==1.4"
        },
        "venusian": {
            "hashes": [
                "sha256:0845808a985976acbceaa1fbb871c7fac4fb28ae75453232970e9c2c2866dbf4",
                "sha256:534fb3b355669283eb3954581931e5d1d071fce61d029d58f3219a5e3a6f0c41"
            ],
            "markers": "python_version >= '3.7'",
            "version": "==3.1.1"
        },
        "watchdog": {
            "hashes": [
                "sha256:07df1fdd701c5d4c8e55ef6cf55b8f0120fe1aef7ef39a1c6fc6bc2e606d517a",
                "sha256:20ffe5b202af80ab4266dcd3e91aae72bf2da48c0d33bdb15c66658e685e94e2",
                "sha256:212ac9b8bf1161dc91bd09c048048a95ca3a4c4f5e5d4a7d1b1a7d5752a7f96f",
                "sha256:2cce7cfc2008eb51feb6aab51251fd79b85d9894e98ba847408f662b3395ca3c",
                "sha256:490ab2ef84f11129844c23fb14ecf30ef3d8a6abafd3754a6f75ca1e6654136c",
                "sha256:6eb11feb5a0d452ee41f824e271ca311a09e250441c262ca2fd7ebcf2461a06c",
                "sha256:6f10cb2d5902447c7d0da897e2c6768bca89174d0c6e1e30abec5421af97a5b0",
                "sha256:7607498efa04a3542ae3e05e64da8202e58159aa1fa4acddf7678d34a35d4f13",
                "sha256:76aae96b00ae814b181bb25b1b98076d5fc84e8a53cd8885a318b42b6d3a5134",
                "sha256:7a0e56874cfbc4b9b05c60c8a1926fedf56324bb08cfbc188969777940aef3aa",
                "sha256:82dc3e3143c7e38ec49d61af98d6558288c415eac98486a5c581726e0737c00e",
                "sha256:9041567ee8953024c83343288ccc458fd0a2d811d6a0fd68c4c22609e3490379",
                "sha256:90c8e78f3b94014f7aaae121e6b909674df5b46ec24d6bebc45c44c56729af2a",
                "sha256:9513f27a1a582d9808cf21a07dae516f0fab1cf2d7683a742c498b93eedabb11",
                "sha256:9ddf7c82fda3ae8e24decda1338ede66e1c99883db93711d8fb941eaa2d8c282",
                "sha256:a175f755fc2279e0b7312c0035d52e27211a5bc39719dd529625b1930917345b",
                "sha256:a1914259fa9e1454315171103c6a30961236f508b9b623eae470268bbcc6a22f",
                "sha256:afd0fe1b2270917c5e23c2a65ce50c2a4abb63daafb0d419fde368e272a76b7c",
                "sha256:bc64ab3bdb6a04d69d4023b29422170b74681784ffb9463ed4870cf2f3e66112",
                "sha256:bdd4e6f14b8b18c334febb9c4425a878a2ac20efd1e0b231978e7b150f92a948",
                "sha256:c7ac31a19f4545dd92fc25d200694098f42c9a8e391bc00bdd362c5736dbf881",
                "sha256:c7c15dda13c4eb00d6fb6fc508b3c0ed88b9d5d374056b239c4ad1611125c860",
                "sha256:c897ac1b55c5a1461e16dae288d22bb2e412ba9807df8397a635d88f671d36c3",
                "sha256:cbafb470cf848d93b5d013e2ecb245d4aa1c8fd0504e863ccefa32445359d680",
                "sha256:d1cdb490583ebd691c012b3d6dae011000fe42edb7a82ece80965b42abd61f26",
                "sha256:e3df4cbb9a450c6d49318f6d14f4bbc80d763fa587ba46ec86f99f9e6876bb26",
                "sha256:e6439e374fc012255b4ec786ae3c4bc838cd7309a540e5fe0952d03687d8804e",
                "sha256:e6f0e77c9417e7cd62af82529b10563db3423625c5fce018430b249bf977f9e8",
                "sha256:e7631a77ffb1f7d2eefa4445ebbee491c720a5661ddf6df3498ebecae5ed375c",
                "sha256:ef810fbf7b781a5a593894e4f439773830bdecb885e6880d957d5b9382a960d2"
            ],
            "markers": "python_version >= '3.9'",
            "version": "==6.0.0"
        },
        "webob": {
            "hashes": [
                "sha256:45e34c58ed0c7e2ecd238ffd34432487ff13d9ad459ddfd77895e67abba7c1f9",
                "sha256:ad6078e2edb6766d1334ec3dee072ac6a7f95b1e32ce10def8ff7f0f02d56589"
            ],
            "markers": "python_version >= '2.7' and python_version not in '3.0, 3.1, 3.2'",
            "version": "==1.8.9"
        },
        "zope.deprecation": {
            "hashes": [
                "sha256:46bed4611fb53edc731aadeb64b28308bcb848f4cc150c60c948d078f7108721",
                "sha256:60f957b964d8f947a4a592c647d51ce0f4f844d1f041657956ddde0d9fa9a76a"
            ],
            "markers": "python_version >= '3.9'",
            "version": "==5.1"
        },
        "zope.interface": {
            "hashes": [
                "sha256:033b3923b63474800b04cba480b70f6e6243a62208071fc148354f3f89cc01b7",
                "sha256:05b910a5afe03256b58ab2ba6288960a2892dfeef01336dc4be6f1b9ed02ab0a",
                "sha256:086ee2f51eaef1e4a52bd7d3111a0404081dadae87f84c0ad4ce2649d4f708b7",
                "sha256:0ef9e2f865721553c6f22a9ff97da0f0216c074bd02b25cf0d3af60ea4d6931d",
                "sha256:1090c60116b3da3bfdd0c03406e2f14a1ff53e5771aebe33fec1edc0a350175d",
                "sha256:144964649eba4c5e4410bb0ee290d338e78f179cdbfd15813de1a664e7649b3b",
                "sha256:15398c000c094b8855d7d74f4fdc9e73aa02d4d0d5c775acdef98cdb1119768d",
                "sha256:1909f52a00c8c3dcab6c4fad5d13de2285a4b3c7be063b239b8dc15ddfb73bd2",
                "sha256:21328fcc9d5b80768bf051faa35ab98fb979080c18e6f84ab3f27ce703bce465",
                "sha256:224b7b0314f919e751f2bca17d15aad00ddbb1eadf1cb0190fa8175edb7ede62",
                "sha256:25e6a61dcb184453bb00eafa733169ab6d903e46f5c2ace4ad275386f9ab327a",
                "sha256:27f926f0dcb058211a3bb3e0e501c69759613b17a553788b2caeb991bed3b61d",
                "sha256:29caad142a2355ce7cfea48725aa8bcf0067e2b5cc63fcf5cd9f97ad12d6afb5",
                "sha256:2ad9913fd858274db8dd867012ebe544ef18d218f6f7d1e3c3e6d98000f14b75",
                "sha256:31d06db13a30303c08d61d5fb32154be51dfcbdb8438d2374ae27b4e069aac40",
                "sha256:3e0350b51e88658d5ad126c6a57502b19d5f559f6cb0a628e3dc90442b53dd98",
                "sha256:3f6771d1647b1fc543d37640b45c06b34832a943c80d1db214a37c31161a93f1",
                "sha256:4893395d5dd2ba655c38ceb13014fd65667740f09fa5bb01caa1e6284e48c0cd",
                "sha256:52e446f9955195440e787596dccd1411f543743c359eeb26e9b2c02b077b0519",
                "sha256:550f1c6588ecc368c9ce13c44a49b8d6b6f3ca7588873c679bd8fd88a1b557b6",
                "sha256:72cd1790b48c16db85d51fbbd12d20949d7339ad84fd971427cf00d990c1f137",
                "sha256:7bd449c306ba006c65799ea7912adbbfed071089461a19091a228998b82b1fdb",
                "sha256:7dc5016e0133c1a1ec212fc87a4f7e7e562054549a99c73c8896fa3a9e80cbc7",
                "sha256:802176a9f99bd8cc276dcd3b8512808716492f6f557c11196d42e26c01a69a4c",
                "sha256:80ecf2451596f19fd607bb09953f426588fc1e79e93f5968ecf3367550396b22",
                "sha256:8b49f1a3d1ee4cdaf5b32d2e738362c7f5e40ac8b46dd7d1a65e82a4872728fe",
                "sha256:8e7da17f53e25d1a3bde5da4601e026adc9e8071f9f6f936d0fe3fe84ace6d54",
                "sha256:a102424e28c6b47c67923a1f337ede4a4c2bba3965b01cf707978a801fc7442c",
                "sha256:a19a6cc9c6ce4b1e7e3d319a473cf0ee989cbbe2b39201d7c19e214d2dfb80c7",
                "sha256:a71a5b541078d0ebe373a81a3b7e71432c61d12e660f1d67896ca62d9628045b",
                "sha256:baf95683cde5bc7d0e12d8e7588a3eb754d7c4fa714548adcd96bdf90169f021",
                "sha256:cab15ff4832580aa440dc9790b8a6128abd0b88b7ee4dd56abacbc52f212209d",
                "sha256:ce290e62229964715f1011c3dbeab7a4a1e4971fd6f31324c4519464473ef9f2",
                "sha256:d3a8ffec2a50d8ec470143ea3d15c0c52d73df882eef92de7537e8ce13475e8a",
                "sha256:e204937f67b28d2dca73ca936d3039a144a081fc47a07598d44854ea2a106239",
                "sha256:eb23f58a446a7f09db85eda09521a498e109f137b85fb278edb2e34841055398",
                "sha256:f6dd02ec01f4468da0f234da9d9c8545c5412fef80bc590cc51d8dd084138a89"
            ],
            "markers": "python_version >= '3.8'",
            "version": "==7.2"
        }
    },
    "develop": {}
}
