{
    "_meta": {
        "hash": {
            "sha256": "71365668e9d85f74b3bab2e7e5ed98d3287c18dd6b3f4e69c75ab99961b16ade"
        },
        "pipfile-spec": 6,
        "requires": {
            "python_version": "2.7"
        },
        "sources": [
            {
                "name": "pypi",
                "url": "https://pypi.python.org/simple",
                "verify_ssl": true
            }
        ]
    },
    "default": {
        "alabaster": {
            "hashes": [
                "sha256:309d33e0282c8209f792f3527f41ec04e508ff837c61fc1906dde988a256deeb",
                "sha256:e342fb0d684e92e59d6112a6feca74a9d522486e1bcb168d3b28d399d786181a"
            ],
            "index": "pypi",
            "version": "==0.7.6"
        },
        "ansible": {
            "hashes": [
                "sha256:50773781b1e76f2885bbeb2351a97cf1c6a29239d3e073da939a104e7e81ee5d"
            ],
            "index": "pypi",
            "version": "==1.9.6"
        },
        "apipkg": {
            "hashes": [
                "sha256:2e38399dbe842891fe85392601aab8f40a8f4cc5a9053c326de35a1cc0297ac6",
                "sha256:65d2aa68b28e7d31233bb2ba8eb31cda40e4671f8ac2d6b241e358c9652a74b9"
            ],
            "index": "pypi",
            "version": "==1.4"
        },
        "asn1crypto": {
            "hashes": [
                "sha256:2f1adbb7546ed199e3c90ef23ec95c5cf3585bac7d11fb7eb562a3fe89c64e87",
                "sha256:9d5c20441baf0cb60a4ac34cc447c6c189024b6b4c6cd7877034f4965c464e49"
            ],
            "index": "pypi",
            "version": "==0.24.0"
        },
        "babel": {
            "hashes": [
                "sha256:44988df191123065af9857eca68e9151526a931c12659ca29904e4f11de7ec1b"
            ],
            "index": "pypi",
            "version": "==2.0"
        },
        "bcrypt": {
            "hashes": [
                "sha256:01477981abf74e306e8ee31629a940a5e9138de000c6b0898f7f850461c4a0a5",
                "sha256:054d6e0acaea429e6da3613fcd12d05ee29a531794d96f6ab959f29a39f33391",
                "sha256:0872eeecdf9a429c1420158500eedb323a132bc5bf3339475151c52414729e70",
                "sha256:09a3b8c258b815eadb611bad04ca15ec77d86aa9ce56070e1af0d5932f17642a",
                "sha256:0f317e4ffbdd15c3c0f8ab5fbd86aa9aabc7bea18b5cc5951b456fe39e9f738c",
                "sha256:2788c32673a2ad0062bea850ab73cffc0dba874db10d7a3682b6f2f280553f20",
                "sha256:321d4d48be25b8d77594d8324c0585c80ae91ac214f62db9098734e5e7fb280f",
                "sha256:346d6f84ff0b493dbc90c6b77136df83e81f903f0b95525ee80e5e6d5e4eef84",
                "sha256:34dd60b90b0f6de94a89e71fcd19913a30e83091c8468d0923a93a0cccbfbbff",
                "sha256:3b4c23300c4eded8895442c003ae9b14328ae69309ac5867e7530de8bdd7875d",
                "sha256:43d1960e7db14042319c46925892d5fa99b08ff21d57482e6f5328a1aca03588",
                "sha256:49e96267cd9be55a349fd74f9852eb9ae2c427cd7f6455d0f1765d7332292832",
                "sha256:63e06ffdaf4054a89757a3a1ab07f1b922daf911743114a54f7c561b9e1baa58",
                "sha256:67ed1a374c9155ec0840214ce804616de49c3df9c5bc66740687c1c9b1cd9e8d",
                "sha256:6b662a5669186439f4f583636c8d6ea77cf92f7cfe6aae8d22edf16c36840574",
                "sha256:6efd9ca20aefbaf2e7e6817a2c6ed4a50ff6900fafdea1bcb1d0e9471743b144",
                "sha256:8569844a5d8e1fdde4d7712a05ab2e6061343ac34af6e7e3d7935b2bd1907bfd",
                "sha256:8629ea6a8a59f865add1d6a87464c3c676e60101b8d16ef404d0a031424a8491",
                "sha256:988cac675e25133d01a78f2286189c1f01974470817a33eaf4cfee573cfb72a5",
                "sha256:9a6fedda73aba1568962f7543a1f586051c54febbc74e87769bad6a4b8587c39",
                "sha256:9eced8962ce3b7124fe20fd358cf8c7470706437fa064b9874f849ad4c5866fc",
                "sha256:a005ed6163490988711ff732386b08effcbf8df62ae93dd1e5bda0714fad8afb",
                "sha256:ae35dbcb6b011af6c840893b32399252d81ff57d52c13e12422e16b5fea1d0fb",
                "sha256:b1e8491c6740f21b37cca77bc64677696a3fb9f32360794d57fa8477b7329eda",
                "sha256:c906bdb482162e9ef48eea9f8c0d967acceb5c84f2d25574c7d2a58d04861df1",
                "sha256:cb18ffdc861dbb244f14be32c47ab69604d0aca415bee53485fcea4f8e93d5ef",
                "sha256:cc2f24dc1c6c88c56248e93f28d439ee4018338567b0bbb490ea26a381a29b1e",
                "sha256:d860c7fff18d49e20339fc6dffc2d485635e36d4b2cccf58f45db815b64100b4",
                "sha256:d86da365dda59010ba0d1ac45aa78390f56bf7f992e65f70b3b081d5e5257b09",
                "sha256:e22f0997622e1ceec834fd25947dc2ee2962c2133ea693d61805bc867abaf7ea",
                "sha256:f2fe545d27a619a552396533cddf70d83cecd880a611cdfdbb87ca6aec52f66b",
                "sha256:f425e925485b3be48051f913dbe17e08e8c48588fdf44a26b8b14067041c0da6",
                "sha256:f7fd3ed3745fe6e81e28dc3b3d76cce31525a91f32a387e1febd6b982caf8cdb",
                "sha256:f9210820ee4818d84658ed7df16a7f30c9fba7d8b139959950acef91745cc0f7"
            ],
            "index": "pypi",
            "version": "==3.1.4"
        },
        "boto": {
            "hashes": [
                "sha256:13be844158d1bd80a94c972c806ec8381b9ea72035aa06123c5db6bc6a6f3ead",
                "sha256:deb8925b734b109679e3de65856018996338758f4b916ff4fe7bb62b6d7000d1"
            ],
            "index": "pypi",
            "version": "==2.48.0"
        },
        "bsdploy": {
            "hashes": [
                "sha256:14d54adf00bcc511a0a5617ada24540264133d086fbc91c48d9fa17347a0fc75",
                "sha256:2797aea76338971a8adb0ba124cdd12a4d55aef4f8a29422138389ba9c878d0d"
            ],
            "index": "pypi",
            "version": "==2.3.0"
        },
        "cffi": {
            "hashes": [
                "sha256:00c878c90cb53ccfaae6b8bc18ad05d2036553e6d9d1d9dbcf323bbe83854ca3",
                "sha256:0104fb5ae2391d46a4cb082abdd5c69ea4eab79d8d44eaaf79f1b1fd806ee4c2",
                "sha256:06c48159c1abed75c2e721b1715c379fa3200c7784271b3c46df01383b593636",
                "sha256:0808014eb713677ec1292301ea4c81ad277b6cdf2fdd90fd540af98c0b101d20",
                "sha256:10dffb601ccfb65262a27233ac273d552ddc4d8ae1bf93b21c94b8511bffe728",
                "sha256:14cd121ea63ecdae71efa69c15c5543a4b5fbcd0bbe2aad864baca0063cecf27",
                "sha256:17771976e82e9f94976180f76468546834d22a7cc404b17c22df2a2c81db0c66",
                "sha256:181dee03b1170ff1969489acf1c26533710231c58f95534e3edac87fff06c443",
                "sha256:23cfe892bd5dd8941608f93348c0737e369e51c100d03718f108bf1add7bd6d0",
                "sha256:263cc3d821c4ab2213cbe8cd8b355a7f72a8324577dc865ef98487c1aeee2bc7",
                "sha256:2756c88cbb94231c7a147402476be2c4df2f6078099a6f4a480d239a8817ae39",
                "sha256:27c219baf94952ae9d50ec19651a687b826792055353d07648a5695413e0c605",
                "sha256:2a23af14f408d53d5e6cd4e3d9a24ff9e05906ad574822a10563efcef137979a",
                "sha256:31fb708d9d7c3f49a60f04cf5b119aeefe5644daba1cd2a0fe389b674fd1de37",
                "sha256:3415c89f9204ee60cd09b235810be700e993e343a408693e80ce7f6a40108029",
                "sha256:3773c4d81e6e818df2efbc7dd77325ca0dcb688116050fb2b3011218eda36139",
                "sha256:3b96a311ac60a3f6be21d2572e46ce67f09abcf4d09344c49274eb9e0bf345fc",
                "sha256:3f7d084648d77af029acb79a0ff49a0ad7e9d09057a9bf46596dac9514dc07df",
                "sha256:41d45de54cd277a7878919867c0f08b0cf817605e4eb94093e7516505d3c8d14",
                "sha256:4238e6dab5d6a8ba812de994bbb0a79bddbdf80994e4ce802b6f6f3142fcc880",
                "sha256:45db3a33139e9c8f7c09234b5784a5e33d31fd6907800b316decad50af323ff2",
                "sha256:45e8636704eacc432a206ac7345a5d3d2c62d95a507ec70d62f23cd91770482a",
                "sha256:4958391dbd6249d7ad855b9ca88fae690783a6be9e86df65865058ed81fc860e",
                "sha256:4a306fa632e8f0928956a41fa8e1d6243c71e7eb59ffbd165fc0b41e316b2474",
                "sha256:57e9ac9ccc3101fac9d6014fba037473e4358ef4e89f8e181f8951a2c0162024",
                "sha256:59888172256cac5629e60e72e86598027aca6bf01fa2465bdb676d37636573e8",
                "sha256:5e069f72d497312b24fcc02073d70cb989045d1c91cbd53979366077959933e0",
                "sha256:64d4ec9f448dfe041705426000cc13e34e6e5bb13736e9fd62e34a0b0c41566e",
                "sha256:6dc2737a3674b3e344847c8686cf29e500584ccad76204efea14f451d4cc669a",
                "sha256:74fdfdbfdc48d3f47148976f49fab3251e550a8720bebc99bf1483f5bfb5db3e",
                "sha256:75e4024375654472cc27e91cbe9eaa08567f7fbdf822638be2814ce059f58032",
                "sha256:786902fb9ba7433aae840e0ed609f45c7bcd4e225ebb9c753aa39725bb3e6ad6",
                "sha256:8b6c2ea03845c9f501ed1313e78de148cd3f6cad741a75d43a29b43da27f2e1e",
                "sha256:91d77d2a782be4274da750752bb1650a97bfd8f291022b379bb8e01c66b4e96b",
                "sha256:91ec59c33514b7c7559a6acda53bbfe1b283949c34fe7440bcf917f96ac0723e",
                "sha256:920f0d66a896c2d99f0adbb391f990a84091179542c205fa53ce5787aff87954",
                "sha256:a5263e363c27b653a90078143adb3d076c1a748ec9ecc78ea2fb916f9b861962",
                "sha256:abb9a20a72ac4e0fdb50dae135ba5e77880518e742077ced47eb1499e29a443c",
                "sha256:c2051981a968d7de9dd2d7b87bcb9c939c74a34626a6e2f8181455dd49ed69e4",
                "sha256:c21c9e3896c23007803a875460fb786118f0cdd4434359577ea25eb556e34c55",
                "sha256:c2502a1a03b6312837279c8c1bd3ebedf6c12c4228ddbad40912d671ccc8a962",
                "sha256:d4d692a89c5cf08a8557fdeb329b82e7bf609aadfaed6c0d79f5a449a3c7c023",
                "sha256:da5db4e883f1ce37f55c667e5c0de439df76ac4cb55964655906306918e7363c",
                "sha256:e7022a66d9b55e93e1a845d8c9eba2a1bebd4966cd8bfc25d9cd07d515b33fa6",
                "sha256:ef1f279350da2c586a69d32fc8733092fd32cc8ac95139a00377841f59a3f8d8",
                "sha256:f54a64f8b0c8ff0b64d18aa76675262e1700f3995182267998c31ae974fbc382",
                "sha256:f5c7150ad32ba43a07c4479f40241756145a1f03b43480e058cfd862bf5041c7",
                "sha256:f6f824dc3bce0edab5f427efcfb1d63ee75b6fcb7282900ccaf925be84efb0fc",
                "sha256:fd8a250edc26254fe5b33be00402e6d287f562b6a5b2152dec302fa15bb3e997",
                "sha256:ffaa5c925128e29efbde7301d8ecaf35c8c60ffbcd6a1ffd3a552177c8e5e796"
            ],
            "index": "pypi",
            "version": "==1.15.0"
        },
        "check-manifest": {
            "hashes": [
                "sha256:b6ce4b65249d4ab5b5a3120af63b6e30e9fac849009e1ef8c5faedc30abf616a",
                "sha256:d08c6b8a9f2d1e5e7c070772aac787e2c1225184d27610d601334c0262bcd60c"
            ],
            "index": "pypi",
            "version": "==0.25"
        },
        "cryptography": {
            "hashes": [
                "sha256:0d7b69674b738068fa6ffade5c962ecd14969690585aaca0a1b1fc9058938a72",
                "sha256:1bd0ccb0a1ed775cd7e2144fe46df9dc03eefd722bbcf587b3e0616ea4a81eff",
                "sha256:3c284fc1e504e88e51c428db9c9274f2da9f73fdf5d7e13a36b8ecb039af6e6c",
                "sha256:49570438e60f19243e7e0d504527dd5fe9b4b967b5a1ff21cc12b57602dd85d3",
                "sha256:541dd758ad49b45920dda3b5b48c968f8b2533d8981bcdb43002798d8f7a89ed",
                "sha256:5a60d3780149e13b7a6ff7ad6526b38846354d11a15e21068e57073e29e19bed",
                "sha256:7951a966613c4211b6612b0352f5bf29989955ee592c4a885d8c7d0f830d0433",
                "sha256:922f9602d67c15ade470c11d616f2b2364950602e370c76f0c94c94ae672742e",
                "sha256:a0f0b96c572fc9f25c3f4ddbf4688b9b38c69836713fb255f4a2715d93cbaf44",
                "sha256:a777c096a49d80f9d2979695b835b0f9c9edab73b59e4ceb51f19724dda887ed",
                "sha256:a9a4ac9648d39ce71c2f63fe7dc6db144b9fa567ddfc48b9fde1b54483d26042",
                "sha256:aa4969f24d536ae2268c902b2c3d62ab464b5a66bcb247630d208a79a8098e9b",
                "sha256:c7390f9b2119b2b43160abb34f63277a638504ef8df99f11cb52c1fda66a2e6f",
                "sha256:e18e6ab84dfb0ab997faf8cca25a86ff15dfea4027b986322026cc99e0a892da"
            ],
            "index": "pypi",
            "version": "==3.3.2"
        },
        "devpi-client": {
            "hashes": [
                "sha256:24a6f672f35b27d208b5bb7761008df08bf3262aafc46fb9d6cf569b5ab982f9",
                "sha256:4fa0e89ccafc672903fb99f1f2588223ced15487b19dba6c3fa697433c7a3f49"
            ],
            "index": "pypi",
            "version": "==2.3.0"
        },
        "devpi-common": {
            "hashes": [
                "sha256:130bbb13511e4d4e68093857d925370513eebe25134d1c04b443d4f81bfdf29b",
                "sha256:f62c2fa213d1ca3e692491dbb89ed92a8f1fbcbf99facb6ed91ba456dc311592"
            ],
            "index": "pypi",
            "version": "==2.0.6"
        },
        "docutils": {
            "hashes": [
                "sha256:c7db717810ab6965f66c8cf0398a98c9d8df982da39b4cd7f162911eb89596fa",
                "sha256:dcebd4928112631626f4c4d0df59787c748404e66dda952110030ea883d3b8cd"
            ],
            "index": "pypi",
            "version": "==0.12"
        },
        "ecdsa": {
            "hashes": [
                "sha256:40d002cf360d0e035cf2cb985e1308d41aaa087cbfc135b2dc2d844296ea546c",
                "sha256:64cf1ee26d1cde3c73c6d7d107f835fed7c6a2904aef9eac223d57ad800c43fa"
            ],
            "index": "pypi",
            "version": "==0.13"
        },
        "enum34": {
            "hashes": [
                "sha256:2d81cbbe0e73112bdfe6ef8576f2238f2ba27dd0d55752a776c41d38b7da2850",
                "sha256:644837f692e5f550741432dd3f223bbb9852018674981b1664e5dc339387588a",
                "sha256:6bd0f6ad48ec2aa117d3d141940d484deccda84d4fcd884f5c3d93c23ecd8c79",
                "sha256:8ad8c4783bf61ded74527bffb48ed9b54166685e4230386a9ed9b1279e2df5b1"
            ],
            "index": "pypi",
            "markers": "python_version < '3'",
            "version": "==1.1.6"
        },
        "execnet": {
            "hashes": [
                "sha256:a7a84d5fa07a089186a329528f127c9d73b9de57f1a1131b82bb5320ee651f6a",
                "sha256:fc155a6b553c66c838d1a22dba1dc9f5f505c43285a878c6f74a79c024750b83"
            ],
            "index": "pypi",
            "version": "==1.5.0"
        },
        "fabric": {
            "hashes": [
                "sha256:1b993ca92703948b4259d1fa7d1309643b5ce478913054482261b16ad6bc8b13",
                "sha256:81572002a562b26df657ca10d06b5bcfc6fd56b53374037392c83d4a2158208f"
            ],
            "index": "pypi",
            "version": "==1.14.0"
        },
        "idna": {
            "hashes": [
                "sha256:2c6a5de3089009e3da7c5dde64a141dbc8551d5b7f6cf4ed7c2568d0cc520a8f",
                "sha256:8c7309c718f94b3a625cb648ace320157ad16ff131ae0af362c9f21b80ef6ec4"
            ],
            "index": "pypi",
            "version": "==2.6"
        },
        "ipaddress": {
            "hashes": [
                "sha256:64b28eec5e78e7510698f6d4da08800a5c575caa4a286c93d651c5d3ff7b6794",
                "sha256:b146c751ea45cad6188dd6cf2d9b757f6f4f8d6ffb96a023e6f2e26eea02a72c"
            ],
            "index": "pypi",
            "markers": "python_version < '3'",
            "version": "==1.0.22"
        },
        "jinja2": {
            "hashes": [
                "sha256:74c935a1b8bb9a3947c50a54766a969d4846290e1e788ea44c1392163723c3bd",
                "sha256:f84be1bb0040caca4cea721fcbbbbd61f9be9464ca236387158b0feea01914a4"
            ],
            "index": "pypi",
            "version": "==2.10"
        },
        "keyring": {
            "hashes": [
                "sha256:45891cd0af4c4af70fbed7ec6e3964d0261c14188de9ab31030c9d02272e22d2",
                "sha256:adfb02dc602737b27781d1d8017a33d6d1e3f292af261aad802a1459240fff1c"
            ],
            "index": "pypi",
            "version": "==5.4"
        },
        "lazy": {
            "hashes": [
                "sha256:c80a77bf7106ba7b27378759900cfefef38271088dc63b014bcfe610c8e68e3d"
            ],
            "index": "pypi",
            "version": "==1.3"
        },
        "markupsafe": {
            "hashes": [
                "sha256:a6be69091dac236ea9c6bc7d012beab42010fa914c459791d627dad4910eb665"
            ],
            "index": "pypi",
            "version": "==1.0"
        },
        "mr.bob": {
            "hashes": [
                "sha256:6737eaf98aaeae85e07ebef844ee5156df2f06a8b28d7c3dcb056f811c588121"
            ],
            "index": "pypi",
            "version": "==0.1.2"
        },
        "paramiko": {
            "hashes": [
                "sha256:24fb31c947de85fbdeca09e222d41206781581fb0bdf118d2ef18f6e414cd388",
                "sha256:33e36775a6c71790ba7692a73f948b329cf9295a72b0102144b031114bd2a4f3"
            ],
            "index": "pypi",
            "version": "==2.4.1"
        },
        "pkginfo": {
            "hashes": [
                "sha256:ad3f6dfe8a831f96a7b56a588ca874137ca102cc6b79fc9b0a1c3b7ab7320f3c"
            ],
            "index": "pypi",
            "version": "==1.2.1"
        },
        "ploy": {
            "hashes": [
                "sha256:213a2d99ee5bd9be7a9548abecb70982a9223c7c331f2185a16c143d87d83e97",
                "sha256:6294217628f67c1d435182e3d72be30c610927fdb07d844fa52086476963c246"
            ],
            "index": "pypi",
            "version": "==1.5.1"
        },
        "ploy-ansible": {
            "hashes": [
                "sha256:53298897e760c43b1f93eed4c2fcd4212a6d0321579ab6631d15a856f78b2c8c",
                "sha256:bf00081f3f5822d7c448c0853d4575bf7b2eef6b97781d868ec8d0429ceb8340"
            ],
            "index": "pypi",
            "version": "==1.4.1"
        },
        "ploy-ec2": {
            "hashes": [
                "sha256:3f45f05fdc60646c9a3b8676d6005d14e8cbd676049a4b00314121f334b03410",
                "sha256:de74c860f64742749a69327bd013ade9c7ea08fe764017bb713671dfe06f5662"
            ],
            "index": "pypi",
            "version": "==1.2.0"
        },
        "ploy-ezjail": {
            "hashes": [
                "sha256:b6e8e5761480822f7e6a0b11340bf6b1964f701c922287c89dd582417b07140e",
                "sha256:c190a6bc152f3951f86366c2179be3841e2e499b259f2c50697d7e4fefa037e5"
            ],
            "index": "pypi",
            "version": "==1.5.1"
        },
        "ploy-fabric": {
            "hashes": [
                "sha256:3432206427e192aa05da81d7940721e4c8a45c3f24bc2dbfaf3d615d5442c851"
            ],
            "index": "pypi",
            "version": "==1.1.0"
        },
        "ploy-virtualbox": {
            "hashes": [
                "sha256:8b73af76ba4aab9f4fe624da68e281cd3892a7a94a8aa3dd5de8c0a127233833",
                "sha256:a76b2d7e078076757383788dea0eaa6f5b9df536b704576b173764dba71bb5d0"
            ],
            "index": "pypi",
            "version": "==1.2.0"
        },
        "pluggy": {
            "hashes": [
                "sha256:205a87398047253223d0465587a8778dce5b1fb99a519b1b76e40d4761ef9397",
                "sha256:52631797ad4857e09f0f2b642392d548b304713d0a02a534f1517cffc008a89c"
            ],
            "index": "pypi",
            "version": "==0.3.0"
        },
        "py": {
            "hashes": [
                "sha256:07e20ab90a550bd3c21891e0d887f0931b4098f148aec95e29b5188f161bb075",
                "sha256:b703e57685ed7c280b1a51c496a4984d83d89def2a930b5e9e5da5a6ca151514"
            ],
            "index": "pypi",
            "version": "==1.4.30"
        },
        "pyasn1": {
            "hashes": [
                "sha256:0d7f6e959fe53f3960a23d73f35e1fce61348b30915b6664309ca756de7c1f89",
                "sha256:5a0db897b311d265cde49615cf783f1c78613138605cdd0f907ecfa5b2aba3ee",
                "sha256:758cb50abddc03e4563fd9e7f03db56e3e87b58c0bd01247360326e5c0c7ffa5",
                "sha256:7d626683e3d792cccc608da02498aff37ab4f3dafd8905d6bf755d11f9b26b43",
                "sha256:a7efe807c4b83a859e2735c692b92ed7b567cfddc4163763412920041d876c2b",
                "sha256:b5a9ca48055b9a20f6d1b3d68e38692e5431c86a0f99ea602e61294e891fee5b",
                "sha256:c07d6e587b2f928366b1f67c09bda026a3e6fcc99e80a744dc67f8fca3895626",
                "sha256:d258b0a71994f7770599835249cece1caef3c70def868c4915e6e5ca49b67d15",
                "sha256:d5cd6ed995dba16fad0c521cfe31cd2d68400b53fcc2bce93326829be73ab6d1",
                "sha256:d84c2aea3cf43780e9e6a19f4e4dddee9f6976519020e64e47c57e5c7a8c3dd2",
                "sha256:e85895087905c65b5b594eb91f7522664c85545b147d5f4d4e7b1b07da8dcbdc",
                "sha256:f81c96761fca60d64b1c9b79ec2e40cf9495a745cf570613079ef324aeb9672b"
            ],
            "index": "pypi",
            "version": "==0.4.2"
        },
        "pycparser": {
            "hashes": [
                "sha256:99a8ca03e29851d96616ad0404b4aad7d9ee16f25c9f9708a11faf2810f7b226"
            ],
            "index": "pypi",
            "version": "==2.18"
        },
        "pycrypto": {
            "hashes": [
                "sha256:f2ce1e989b272cfcb677616763e0a2e7ec659effa67a88aa92b3a65528f60a3c"
            ],
            "index": "pypi",
            "version": "==2.6.1"
        },
        "pygments": {
            "hashes": [
                "sha256:0a3a2265e1efb0defa722d1f429730dc9df975adc3c60ac7d2b432bdf03c041d",
                "sha256:5ded2fa9094fd7dfeb3da92636409fd702a0d07d606283504d7ee04401cee5cb",
                "sha256:7320919084e6dac8f4540638a46447a3bd730fca172afc17d2c03eed22cf4f51"
            ],
            "index": "pypi",
            "version": "==2.0.2"
        },
        "pynacl": {
            "hashes": [
                "sha256:04e30e5bdeeb2d5b34107f28cd2f5bbfdc6c616f3be88fc6f53582ff1669eeca",
                "sha256:0bfa0d94d2be6874e40f896e0a67e290749151e7de767c5aefbad1121cad7512",
                "sha256:11aa4e141b2456ce5cecc19c130e970793fa3a2c2e6fbb8ad65b28f35aa9e6b6",
                "sha256:13bdc1fe084ff9ac7653ae5a924cae03bf4bb07c6667c9eb5b6eb3c570220776",
                "sha256:14339dc233e7a9dda80a3800e64e7ff89d0878ba23360eea24f1af1b13772cac",
                "sha256:1d33e775fab3f383167afb20b9927aaf4961b953d76eeb271a5703a6d756b65b",
                "sha256:2a42b2399d0428619e58dac7734838102d35f6dcdee149e0088823629bf99fbb",
                "sha256:2dce05ac8b3c37b9e2f65eab56c544885607394753e9613fd159d5e2045c2d98",
                "sha256:63cfccdc6217edcaa48369191ae4dca0c390af3c74f23c619e954973035948cd",
                "sha256:6453b0dae593163ffc6db6f9c9c1597d35c650598e2c39c0590d1757207a1ac2",
                "sha256:73a5a96fb5fbf2215beee2353a128d382dbca83f5341f0d3c750877a236569ef",
                "sha256:8abb4ef79161a5f58848b30ab6fb98d8c466da21fdd65558ce1d7afc02c70b5f",
                "sha256:8ac1167195b32a8755de06efd5b2d2fe76fc864517dab66aaf65662cc59e1988",
                "sha256:8f505f42f659012794414fa57c498404e64db78f1d98dfd40e318c569f3c783b",
                "sha256:9c8a06556918ee8e3ab48c65574f318f5a0a4d31437fc135da7ee9d4f9080415",
                "sha256:a1e25fc5650cf64f01c9e435033e53a4aca9de30eb9929d099f3bb078e18f8f2",
                "sha256:be71cd5fce04061e1f3d39597f93619c80cdd3558a6c9ba99a546f144a8d8101",
                "sha256:c5b1a7a680218dee9da0f1b5e24072c46b3c275d35712bc1d505b85bb03441c0",
                "sha256:cb785db1a9468841a1265c9215c60fe5d7af2fb1b209e3316a152704607fc582",
                "sha256:cf6877124ae6a0698404e169b3ba534542cfbc43f939d46b927d956daf0a373a",
                "sha256:d0eb5b2795b7ee2cbcfcadacbe95a13afbda048a262bd369da9904fecb568975",
                "sha256:d3a934e2b9f20abac009d5b6951067cfb5486889cb913192b4d8288b216842f1",
                "sha256:d795f506bcc9463efb5ebb0f65ed77921dcc9e0a50499dedd89f208445de9ecb",
                "sha256:d8aaf7e5d6b0e0ef7d6dbf7abeb75085713d0100b4eb1a4e4e857de76d77ac45",
                "sha256:de2aaca8386cf4d70f1796352f2346f48ddb0bed61dc43a3ce773ba12e064031",
                "sha256:e0d38fa0a75f65f556fb912f2c6790d1fa29b7dd27a1d9cc5591b281321eaaa9",
                "sha256:eb2acabbd487a46b38540a819ef67e477a674481f84a82a7ba2234b9ba46f752",
                "sha256:eeee629828d0eb4f6d98ac41e9a3a6461d114d1d0aa111a8931c049359298da0",
                "sha256:f5836463a3c0cca300295b229b6c7003c415a9d11f8f9288ddbd728e2746524c",
                "sha256:f5ce9e26d25eb0b2d96f3ef0ad70e1d3ae89b5d60255c462252a3e456a48c053",
                "sha256:fabf73d5d0286f9e078774f3435601d2735c94ce9e514ac4fb945701edead7e4"
            ],
            "index": "pypi",
            "version": "==1.2.1"
        },
        "pytz": {
            "hashes": [
                "sha256:00f35fb0e7e2fc348cd091d25d36c6768b721463d12396d68a9491a8a5f91ecf",
                "sha256:39ef0541e489b1cf5515cedf1b1f99de585fd660463cdcde43a03d7d92042782",
                "sha256:4d64ed1b9e0e73095f5cfa87f0e97ddb4c840049e8efeb7e63b46118ba1d623a",
                "sha256:6441e798f8863744c90574de253bed328c477fd2c86caf52b8d9d85f1ecb9f96",
                "sha256:685b1994026572177458af143cc24a2082f400f18e63fdc8e2ed68dd93bb0f49",
                "sha256:6ce918e48daed649e13aa4eb2ce99d80212411401be42288c94473a81109244e",
                "sha256:8446013dfbde9b3f4f9bfea09418ddd526760a8798c41badd3f707a98ad0745b",
                "sha256:9966d2c3f86b23374da9890584f16b03f6e46055824e30a108716974d45d1e45",
                "sha256:a78b484d5472dd8c688f8b3eee18646a25c66ce45b2c26652850f6af9ce52b17",
                "sha256:c4ee70cb407f9284517ac368f121cf0796a7134b961e53d9daf1aaae8f44fb90",
                "sha256:d5ff706089e9150760d238b66203a24d4a0a6175160410191995ff04d1893faa",
                "sha256:f7c5be4db86f1a76ccc4c807f9008536275abec3e2815d18265d694aeef3cb3c"
            ],
            "index": "pypi",
            "version": "==2015.4"
        },
        "pyyaml": {
            "hashes": [
                "sha256:0c507b7f74b3d2dd4d1322ec8a94794927305ab4cebbe89cc47fe5e81541e6e8",
                "sha256:16b20e970597e051997d90dc2cddc713a2876c47e3d92d59ee198700c5427736",
                "sha256:3262c96a1ca437e7e4763e2843746588a965426550f3797a79fca9c6199c431f",
                "sha256:326420cbb492172dec84b0f65c80942de6cedb5233c413dd824483989c000608",
                "sha256:4474f8ea030b5127225b8894d626bb66c01cda098d47a2b0d3429b6700af9fd8",
                "sha256:592766c6303207a20efc445587778322d7f73b161bd994f227adaa341ba212ab",
                "sha256:5ac82e411044fb129bae5cfbeb3ba626acb2af31a8d17d175004b70862a741a7",
                "sha256:5f84523c076ad14ff5e6c037fe1c89a7f73a3e04cf0377cb4d017014976433f3",
                "sha256:827dc04b8fa7d07c44de11fabbc888e627fa8293b695e0f99cb544fdfa1bf0d1",
                "sha256:b4c423ab23291d3945ac61346feeb9a0dc4184999ede5e7c43e1ffb975130ae6",
                "sha256:bc6bced57f826ca7cb5125a10b23fd0f2fff3b7c4701d64c439a300ce665fff8",
                "sha256:c01b880ec30b5a6e6aa67b09a2fe3fb30473008c85cd6a67359a1b15ed6d83a4",
                "sha256:ca233c64c6e40eaa6c66ef97058cdc80e8d0157a443655baa1b2966e812807ca",
                "sha256:e863072cdf4c72eebf179342c94e6989c67185842d9997960b3e69290b2fa269"
            ],
            "index": "pypi",
            "version": "==3.12"
        },
        "requests": {
            "hashes": [
                "sha256:20f976cdce02a42b69ce80e9e03897a51814b36d448b37288546086ebc473146",
                "sha256:398a3db6d61899d25fd4a06c6ca12051b0ce171d705decd7ed5511517b4bb93d"
            ],
            "index": "pypi",
            "version": "==2.7.0"
        },
        "six": {
            "hashes": [
                "sha256:70e8a77beed4562e7f14fe23a786b54f6296e34344c23bc42f07b15018ff98e9",
                "sha256:832dc0e10feb1aa2c68dcc57dbb658f1c7e65b9b61af69048abc87a2db00a0eb"
            ],
            "index": "pypi",
            "version": "==1.11.0"
        },
        "snowballstemmer": {
            "hashes": [
                "sha256:6d54f350e7a0e48903a4e3b6b2cabd1b43e23765fbc975065402893692954191"
            ],
            "index": "pypi",
            "version": "==1.2.0"
        },
        "sphinx": {
            "hashes": [
                "sha256:1a6e5130c2b42d2de301693c299f78cc4bd3501e78b610c08e45efc70e2b5114",
                "sha256:2ddf18da3b0621fa43fee4b7290da0ae789b46fb899278a8acccda195c4979a7"
            ],
            "index": "pypi",
            "version": "==1.3.1"
        },
        "sphinx-rtd-theme": {
            "hashes": [
                "sha256:74f633ed3a61da1d1d59c3185483c81a9d7346bf0e7b5f29ad0764a6f159b68a",
                "sha256:ff9b29268824096fc9113904605d83f6aa817102c0f170115b4b39f0ae0651f3"
            ],
            "index": "pypi",
            "version": "==0.1.8"
        },
        "tox": {
            "hashes": [
                "sha256:a03aa022a1f6f82cc21732af0ed48217a3c16873b98e16be22baa7cea74e1eef",
                "sha256:a405f68f06bde1766bcf9d9290f7bf98aa090756d12c27d12ac99003f813990d"
            ],
            "index": "pypi",
            "version": "==2.1.1"
        },
        "virtualenv": {
            "hashes": [
                "sha256:aabc8ef18cddbd8a2a9c7f92bc43e2fea54b1147330d65db920ef3ce9812e3dc",
                "sha256:f74a5943a9005c1e897bcf87f7e8af7e00c06fa9777b9ad691f69f9fa54a87d8"
            ],
            "index": "pypi",
            "version": "==13.1.2"
        }
    },
    "develop": {}
}
