{
    "_meta": {
        "hash": {
            "sha256": "9e849d918684e3e9ec291aaddbde15c4578fd7dcbbf0d82f7671865605046874"
        },
        "pipfile-spec": 6,
        "requires": {
            "python_version": "3"
        },
        "sources": [
            {
                "name": "pypi",
                "url": "https://pypi.org/simple",
                "verify_ssl": true
            }
        ]
    },
    "default": {
        "beautifulsoup4": {
            "hashes": [
                "sha256:5e70131382930e7c3de33450a2f54a63d5e4b19386eab43a5b34d594268f3695",
                "sha256:642085eaa22233aceadff9c69651bc51e8bf3f874fb6d7104ece2beb24b47c4a"
            ],
            "markers": "python_full_version >= '3.7.0'",
            "version": "==4.13.5"
        },
        "briefkasten-watchdog": {
            "editable": true,
            "path": "src/watchdog/"
        },
        "click": {
            "hashes": [
                "sha256:27c491cc05d968d271d5a1db13e3b5a184636d9d930f148c50b038f0d0646202",
                "sha256:61a3265b914e850b85317d0b3109c7f8cd35a670f963866005d6ef1d5175a12b"
            ],
            "markers": "python_version >= '3.10'",
            "version": "==8.2.1"
        },
        "cssselect": {
            "hashes": [
                "sha256:56d1bf3e198080cc1667e137bc51de9cadfca259f03c2d4e09037b3e01e30f0d",
                "sha256:57f8a99424cfab289a1b6a816a43075a4b00948c86b4dcf3ef4ee7e15f7ab0c7"
            ],
            "markers": "python_version >= '3.9'",
            "version": "==1.3.0"
        },
        "legacy-cgi": {
            "hashes": [
                "sha256:4c119d6cb8e9d8b6ad7cc0ddad880552c62df4029622835d06dfd18f438a8154",
                "sha256:6df2ea5ae14c71ef6f097f8b6372b44f6685283dc018535a75c924564183cdab"
            ],
            "markers": "python_version >= '3.8'",
            "version": "==2.6.3"
        },
        "lxml": {
            "hashes": [
                "sha256:01dab65641201e00c69338c9c2b8a0f2f484b6b3a22d10779bb417599fae32b5",
                "sha256:021497a94907c5901cd49d24b5b0fdd18d198a06611f5ce26feeb67c901b92f2",
                "sha256:02a0f7e629f73cc0be598c8b0611bf28ec3b948c549578a26111b01307fd4051",
                "sha256:038d3c08babcfce9dc89aaf498e6da205efad5b7106c3b11830a488d4eadf56b",
                "sha256:03b12214fb1608f4cffa181ec3d046c72f7e77c345d06222144744c122ded870",
                "sha256:07038c62fd0fe2743e2f5326f54d464715373c791035d7dda377b3c9a5d0ad77",
                "sha256:09c74afc7786c10dd6afaa0be2e4805866beadc18f1d843cf517a7851151b499",
                "sha256:0abfbaf4ebbd7fd33356217d317b6e4e2ef1648be6a9476a52b57ffc6d8d1780",
                "sha256:0c8f7905f1971c2c408badf49ae0ef377cc54759552bcf08ae7a0a8ed18999c2",
                "sha256:0cce65db0cd8c750a378639900d56f89f7d6af11cd5eda72fde054d27c54b8ce",
                "sha256:0d21c9cacb6a889cbb8eeb46c77ef2c1dd529cde10443fdeb1de847b3193c541",
                "sha256:0ef8cd44a080bfb92776047d11ab64875faf76e0d8be20ea3ff0c1e67b3fc9cb",
                "sha256:10a72e456319b030b3dd900df6b1f19d89adf06ebb688821636dc406788cf6ac",
                "sha256:11a052cbd013b7140bbbb38a14e2329b6192478344c99097e378c691b7119551",
                "sha256:1bce45a2c32032afddbd84ed8ab092130649acb935536ef7a9559636ce7ffd4a",
                "sha256:1beca37c6e7a4ddd1ca24829e2c6cb60b5aad0d6936283b5b9909a7496bd97af",
                "sha256:1dc13405bf315d008fe02b1472d2a9d65ee1c73c0a06de5f5a45e6e404d9a1c0",
                "sha256:1e9dc2b9f1586e7cd77753eae81f8d76220eed9b768f337dc83a3f675f2f0cf9",
                "sha256:1ebbf2d9775be149235abebdecae88fe3b3dd06b1797cd0f6dffe6948e85309d",
                "sha256:207ae0d5f0f03b30f95e649a6fa22aa73f5825667fee9c7ec6854d30e19f2ed8",
                "sha256:21300d8c1bbcc38925aabd4b3c2d6a8b09878daf9e8f2035f09b5b002bcddd66",
                "sha256:21344d29c82ca8547ea23023bb8e7538fa5d4615a1773b991edf8176a870c1ea",
                "sha256:21e364e1bb731489e3f4d51db416f991a5d5da5d88184728d80ecfb0904b1d68",
                "sha256:2287fadaa12418a813b05095485c286c47ea58155930cfbd98c590d25770e225",
                "sha256:2516acc6947ecd3c41a4a4564242a87c6786376989307284ddb115f6a99d927f",
                "sha256:2719e42acda8f3444a0d88204fd90665116dda7331934da4d479dd9296c33ce2",
                "sha256:2834377b0145a471a654d699bdb3a2155312de492142ef5a1d426af2c60a0a31",
                "sha256:299a790d403335a6a057ade46f92612ebab87b223e4e8c5308059f2dc36f45ed",
                "sha256:29b0e849ec7030e3ecb6112564c9f7ad6881e3b2375dd4a0c486c5c1f3a33859",
                "sha256:2b3a882ebf27dd026df3801a87cf49ff791336e0f94b0fad195db77e01240690",
                "sha256:2e2b0e042e1408bbb1c5f3cfcb0f571ff4ac98d8e73f4bf37c5dd179276beedd",
                "sha256:32297b09ed4b17f7b3f448de87a92fb31bb8747496623483788e9f27c98c0f00",
                "sha256:33b862c7e3bbeb4ba2c96f3a039f925c640eeba9087a4dc7a572ec0f19d89392",
                "sha256:36c8fa7e177649470bc3dcf7eae6bee1e4984aaee496b9ccbf30e97ac4127fa2",
                "sha256:3b38e20c578149fdbba1fd3f36cb1928a3aaca4b011dfd41ba09d11fb396e1b9",
                "sha256:405e7cf9dbdbb52722c231e0f1257214202dfa192327fab3de45fd62e0554082",
                "sha256:42897fe8cb097274087fafc8251a39b4cf8d64a7396d49479bdc00b3587331cb",
                "sha256:433ab647dad6a9fb31418ccd3075dcb4405ece75dced998789fe14a8e1e3785c",
                "sha256:445f2cee71c404ab4259bc21e20339a859f75383ba2d7fb97dfe7c163994287b",
                "sha256:4588806a721552692310ebe9f90c17ac6c7c5dac438cd93e3d74dd60531c3211",
                "sha256:45cbc92f9d22c28cd3b97f8d07fcefa42e569fbd587dfdac76852b16a4924277",
                "sha256:45fdd0415a0c3d91640b5d7a650a8f37410966a2e9afebb35979d06166fd010e",
                "sha256:47ab1aff82a95a07d96c1eff4eaebec84f823e0dfb4d9501b1fbf9621270c1d3",
                "sha256:485eda5d81bb7358db96a83546949c5fe7474bec6c68ef3fa1fb61a584b00eea",
                "sha256:48c8d335d8ab72f9265e7ba598ae5105a8272437403f4032107dbcb96d3f0b29",
                "sha256:48da704672f6f9c461e9a73250440c647638cc6ff9567ead4c3b1f189a604ee8",
                "sha256:50b5e54f6a9461b1e9c08b4a3420415b538d4773bd9df996b9abcbfe95f4f1fd",
                "sha256:51bd5d1a9796ca253db6045ab45ca882c09c071deafffc22e06975b7ace36300",
                "sha256:537b6cf1c5ab88cfd159195d412edb3e434fee880f206cbe68dff9c40e17a68a",
                "sha256:57478424ac4c9170eabf540237125e8d30fad1940648924c058e7bc9fb9cf6dd",
                "sha256:57744270a512a93416a149f8b6ea1dbbbee127f5edcbcd5adf28e44b6ff02f33",
                "sha256:5c17e70c82fd777df586c12114bbe56e4e6f823a971814fd40dec9c0de518772",
                "sha256:5d08e0f1af6916267bb7eff21c09fa105620f07712424aaae09e8cb5dd4164d1",
                "sha256:615bb6c73fed7929e3a477a3297a797892846b253d59c84a62c98bdce3849a0a",
                "sha256:620869f2a3ec1475d000b608024f63259af8d200684de380ccb9650fbc14d1bb",
                "sha256:64fac7a05ebb3737b79fd89fe5a5b6c5546aac35cfcfd9208eb6e5d13215771c",
                "sha256:6f393e10685b37f15b1daef8aa0d734ec61860bb679ec447afa0001a31e7253f",
                "sha256:70f540c229a8c0a770dcaf6d5af56a5295e0fc314fc7ef4399d543328054bcea",
                "sha256:74555e2da7c1636e30bff4e6e38d862a634cf020ffa591f1f63da96bf8b34772",
                "sha256:7587ac5e000e1594e62278422c5783b34a82b22f27688b1074d71376424b73e8",
                "sha256:7a3ec1373f7d3f519de595032d4dcafae396c29407cfd5073f42d267ba32440d",
                "sha256:7a44a5fb1edd11b3a65c12c23e1049c8ae49d90a24253ff18efbcb6aa042d012",
                "sha256:7c23fd8c839708d368e406282d7953cee5134f4592ef4900026d84566d2b4c88",
                "sha256:7e18224ea241b657a157c85e9cac82c2b113ec90876e01e1f127312006233756",
                "sha256:7f36e4a2439d134b8e70f92ff27ada6fb685966de385668e21c708021733ead1",
                "sha256:7fd70681aeed83b196482d42a9b0dc5b13bab55668d09ad75ed26dff3be5a2f5",
                "sha256:8466faa66b0353802fb7c054a400ac17ce2cf416e3ad8516eadeff9cba85b741",
                "sha256:847458b7cd0d04004895f1fb2cca8e7c0f8ec923c49c06b7a72ec2d48ea6aca2",
                "sha256:8e5d116b9e59be7934febb12c41cce2038491ec8fdb743aeacaaf36d6e7597e4",
                "sha256:8f5cf2addfbbe745251132c955ad62d8519bb4b2c28b0aa060eca4541798d86e",
                "sha256:911d0a2bb3ef3df55b3d97ab325a9ca7e438d5112c102b8495321105d25a441b",
                "sha256:9283997edb661ebba05314da1b9329e628354be310bbf947b0faa18263c5df1b",
                "sha256:92a08aefecd19ecc4ebf053c27789dd92c87821df2583a4337131cf181a1dffa",
                "sha256:9696d491f156226decdd95d9651c6786d43701e49f32bf23715c975539aa2b3b",
                "sha256:9705cdfc05142f8c38c97a61bd3a29581ceceb973a014e302ee4a73cc6632476",
                "sha256:987ad5c3941c64031f59c226167f55a04d1272e76b241bfafc968bdb778e07fb",
                "sha256:a07a994d3c46cd4020c1ea566345cf6815af205b1e948213a4f0f1d392182072",
                "sha256:a389e9f11c010bd30531325805bbe97bdf7f728a73d0ec475adef57ffec60547",
                "sha256:a57d9eb9aadf311c9e8785230eec83c6abb9aef2adac4c0587912caf8f3010b8",
                "sha256:a5ec101a92ddacb4791977acfc86c1afd624c032974bfb6a21269d1083c9bc49",
                "sha256:a6aeca75959426b9fd8d4782c28723ba224fe07cfa9f26a141004210528dcbe2",
                "sha256:aa8f130f4b2dc94baa909c17bb7994f0268a2a72b9941c872e8e558fd6709050",
                "sha256:abb05a45394fd76bf4a60c1b7bec0e6d4e8dfc569fc0e0b1f634cd983a006ddc",
                "sha256:afae3a15889942426723839a3cf56dab5e466f7d873640a7a3c53abc671e2387",
                "sha256:b0fa45fb5f55111ce75b56c703843b36baaf65908f8b8d2fbbc0e249dbc127ed",
                "sha256:b4e597efca032ed99f418bd21314745522ab9fa95af33370dcee5533f7f70136",
                "sha256:b556aaa6ef393e989dac694b9c95761e32e058d5c4c11ddeef33f790518f7a5e",
                "sha256:bdf8f7c8502552d7bff9e4c98971910a0a59f60f88b5048f608d0a1a75e94d1c",
                "sha256:beab5e54de016e730875f612ba51e54c331e2fa6dc78ecf9a5415fc90d619348",
                "sha256:bfa30ef319462242333ef8f0c7631fb8b8b8eae7dca83c1f235d2ea2b7f8ff2b",
                "sha256:c03ac546adaabbe0b8e4a15d9ad815a281afc8d36249c246aecf1aaad7d6f200",
                "sha256:c238f0d0d40fdcb695c439fe5787fa69d40f45789326b3bb6ef0d61c4b588d6e",
                "sha256:c372d42f3eee5844b69dcab7b8d18b2f449efd54b46ac76970d6e06b8e8d9a66",
                "sha256:c43460f4aac016ee0e156bfa14a9de9b3e06249b12c228e27654ac3996a46d5b",
                "sha256:c4be29bce35020d8579d60aa0a4e95effd66fcfce31c46ffddf7e5422f73a299",
                "sha256:c6acde83f7a3d6399e6d83c1892a06ac9b14ea48332a5fbd55d60b9897b9570a",
                "sha256:c71a0ce0e08c7e11e64895c720dc7752bf064bfecd3eb2c17adcd7bfa8ffb22c",
                "sha256:cb46f8cfa1b0334b074f40c0ff94ce4d9a6755d492e6c116adb5f4a57fb6ad96",
                "sha256:cc73bb8640eadd66d25c5a03175de6801f63c535f0f3cf50cac2f06a8211f420",
                "sha256:d12160adea318ce3d118f0b4fbdff7d1225c75fb7749429541b4d217b85c3f76",
                "sha256:d2f73aef768c70e8deb8c4742fca4fd729b132fda68458518851c7735b55297e",
                "sha256:d417eba28981e720a14fcb98f95e44e7a772fe25982e584db38e5d3b6ee02e79",
                "sha256:d4c5acb9bc22f2026bbd0ecbfdb890e9b3e5b311b992609d35034706ad111b5d",
                "sha256:d877874a31590b72d1fa40054b50dc33084021bfc15d01b3a661d85a302af821",
                "sha256:e352d8578e83822d70bea88f3d08b9912528e4c338f04ab707207ab12f4b7aac",
                "sha256:e38b5f94c5a2a5dadaddd50084098dfd005e5a2a56cd200aaf5e0a20e8941782",
                "sha256:e4e3cd3585f3c6f87cdea44cda68e692cc42a012f0131d25957ba4ce755241a7",
                "sha256:e7f4066b85a4fa25ad31b75444bd578c3ebe6b8ed47237896341308e2ce923c3",
                "sha256:e89d977220f7b1f0c725ac76f5c65904193bd4c264577a3af9017de17560ea7e",
                "sha256:ea27626739e82f2be18cbb1aff7ad59301c723dc0922d9a00bc4c27023f16ab7",
                "sha256:edb975280633a68d0988b11940834ce2b0fece9f5278297fc50b044cb713f0e1",
                "sha256:f1b60a3287bf33a2a54805d76b82055bcc076e445fd539ee9ae1fe85ed373691",
                "sha256:f7bbfb0751551a8786915fc6b615ee56344dacc1b1033697625b553aefdd9837",
                "sha256:f8c9bcfd2e12299a442fba94459adf0b0d001dbc68f1594439bfa10ad1ecb74b",
                "sha256:fa164387ff20ab0e575fa909b11b92ff1481e6876835014e70280769920c4433",
                "sha256:faa7233bdb7a4365e2411a665d034c370ac82798a926e65f76c26fbbf0fd14b7"
            ],
            "markers": "python_version >= '3.8'",
            "version": "==6.0.1"
        },
        "prometheus-client": {
            "hashes": [
                "sha256:190f1331e783cf21eb60bca559354e0a4d4378facecf78f5428c39b675d20d28",
                "sha256:cca895342e308174341b2cbf99a56bef291fbc0ef7b9e5412a0f26d653ba7094"
            ],
            "markers": "python_version >= '3.9'",
            "version": "==0.22.1"
        },
        "pyquery": {
            "hashes": [
                "sha256:0194bb2706b12d037db12c51928fe9ebb36b72d9e719565daba5a6c595322faf",
                "sha256:aedfa0bd0eb9afc94b3ddbec8f375a6362b32bc9662f46e3e0d866483f4771b0"
            ],
            "version": "==2.0.1"
        },
        "pytz": {
            "hashes": [
                "sha256:360b9e3dbb49a209c21ad61809c7fb453643e048b38924c765813546746e81c3",
                "sha256:5ddf76296dd8c44c26eb8f4b6f35488f3ccbf6fbbd7adee0b7262d43f0ec2f00"
            ],
            "version": "==2025.2"
        },
        "setuptools": {
            "hashes": [
                "sha256:062d34222ad13e0cc312a4c02d73f059e86a4acbfbdea8f8f76b28c99f306922",
                "sha256:f36b47402ecde768dbfafc46e8e4207b4360c654f1f3bb84475f0a28628fb19c"
            ],
            "markers": "python_version >= '3.9'",
            "version": "==80.9.0"
        },
        "soupsieve": {
            "hashes": [
                "sha256:0cc76456a30e20f5d7f2e14a98a4ae2ee4e5abdc7c5ea0aafe795f344bc7984c",
                "sha256:e2dd4a40a628cb5f28f6d4b0db8800b8f581b65bb380b97de22ba5ca8d72572f"
            ],
            "markers": "python_version >= '3.9'",
            "version": "==2.8"
        },
        "typing-extensions": {
            "hashes": [
                "sha256:0cea48d173cc12fa28ecabc3b837ea3cf6f38c6d1136f85cbaaf598984861466",
                "sha256:f0fa19c6845758ab08074a0cfa8b7aecb71c999ca73d62883bc25cc018c4e548"
            ],
            "markers": "python_version >= '3.9'",
            "version": "==4.15.0"
        },
        "waitress": {
            "hashes": [
                "sha256:682aaaf2af0c44ada4abfb70ded36393f0e307f4ab9456a215ce0020baefc31f",
                "sha256:c56d67fd6e87c2ee598b76abdd4e96cfad1f24cacdea5078d382b1f9d7b5ed2e"
            ],
            "markers": "python_full_version >= '3.9.0'",
            "version": "==3.0.2"
        },
        "webob": {
            "hashes": [
                "sha256:45e34c58ed0c7e2ecd238ffd34432487ff13d9ad459ddfd77895e67abba7c1f9",
                "sha256:ad6078e2edb6766d1334ec3dee072ac6a7f95b1e32ce10def8ff7f0f02d56589"
            ],
            "markers": "python_version >= '2.7' and python_version not in '3.0, 3.1, 3.2'",
            "version": "==1.8.9"
        },
        "webtest": {
            "hashes": [
                "sha256:0c4a5a3dcf745a78c7905b803d6a520a2cf241c1f00ccdf4351f52916d555543",
                "sha256:4256fd5242448f56c575bcb9afe275e305a6f0723c4b01438dbdd4dd5344944b"
            ],
            "markers": "python_version >= '3.9'",
            "version": "==3.0.6"
        },
        "wsgiproxy2": {
            "hashes": [
                "sha256:0d9ecb141de720e2fd4f7a275a4a83a961ffeb6717483d940021ffa1c46f665c",
                "sha256:37ab414dc568aba8c1fb0660885d05ab7ddde0a3460af90fea415afcdd7dfca8"
            ],
            "version": "==0.5.1"
        },
        "zope.cachedescriptors": {
            "hashes": [
                "sha256:23c6c276d756ac017e7a72a736a292415bd64d63f90dc8f9a8122ac05e4d1a52",
                "sha256:9bb2a04fd0037a861a8e368e51aa60a3b9d2f4ccbf7b793070df5cc79dde1f74"
            ],
            "markers": "python_version >= '3.9'",
            "version": "==6.0"
        },
        "zope.event": {
            "hashes": [
                "sha256:0ebac894fa7c5f8b7a89141c272133d8c1de6ddc75ea4b1f327f00d1f890df92",
                "sha256:6f0922593407cc673e7d8766b492c519f91bdc99f3080fe43dcec0a800d682a3"
            ],
            "markers": "python_version >= '3.9'",
            "version": "==6.0"
        },
        "zope.interface": {
            "hashes": [
                "sha256:07405019f635a93b318807cb2ec7b05a5ef30f67cf913d11eb2f156ddbcead0d",
                "sha256:0caca2915522451e92c96c2aec404d2687e9c5cb856766940319b3973f62abb8",
                "sha256:160ba50022b342451baf516de3e3a2cd2d8c8dbac216803889a5eefa67083688",
                "sha256:1858d1e5bb2c5ae766890708184a603eb484bb7454e306e967932a9f3c558b07",
                "sha256:1bee9c1b42513148f98d3918affd829804a5c992c000c290dc805f25a75a6a3f",
                "sha256:450ab3357799eed6093f3a9f1fa22761b3a9de9ebaf57f416da2c9fb7122cdcb",
                "sha256:453d2c6668778b8d2215430ed61e04417386e51afb23637ef2e14972b047b700",
                "sha256:4d639d5015c1753031e180b8ef81e72bb7d47b0aca0218694ad1f19b0a6c6b63",
                "sha256:5cffe23eb610e32a83283dde5413ab7a17938fa3fbd023ca3e529d724219deb0",
                "sha256:67047a4470cb2fddb5ba5105b0160a1d1c30ce4b300cf264d0563136adac4eac",
                "sha256:778458ea69413cf8131a3fcc6f0ea2792d07df605422fb03ad87daca3f8f78ce",
                "sha256:7e88c66ebedd1e839082f308b8372a50ef19423e01ee2e09600b80e765a10234",
                "sha256:7fb931bf55c66a092c5fbfb82a0ff3cc3221149b185bde36f0afc48acb8dcd92",
                "sha256:804ebacb2776eb89a57d9b5e9abec86930e0ee784a0005030801ae2f6c04d5d8",
                "sha256:879bb5bf937cde4acd738264e87f03c7bf7d45478f7c8b9dc417182b13d81f6c",
                "sha256:a26ae2fe77c58b4df8c39c2b7c3aadedfd44225a1b54a1d74837cd27057b2fc8",
                "sha256:a2c107cc6dff954be25399cd81ddc390667f79af306802fc0c1de98614348b70",
                "sha256:a9a8a71c38628af82a9ea1f7be58e5d19360a38067080c8896f6cbabe167e4f8",
                "sha256:b14d5aac547e635af749ce20bf49a3f5f93b8a854d2a6b1e95d4d5e5dc618f7d",
                "sha256:b207966f39c2e6fcfe9b68333acb7b19afd3fdda29eccc4643f8d52c180a3185",
                "sha256:b80447a3a5c7347f4ebf3e50de319c8d2a5dabd7de32f20899ac50fc275b145d",
                "sha256:c0cc51ebd984945362fd3abdc1e140dbd837c3e3b680942b3fa24fe3aac26ef8",
                "sha256:c23af5b4c4e332253d721ec1222c809ad27ceae382ad5b8ff22c4c4fb6eb8ed5",
                "sha256:c4d9d3982aaa88b177812cd911ceaf5ffee4829e86ab3273c89428f2c0c32cc4",
                "sha256:daf4d6ba488a0fb560980b575244aa962a75e77b7c86984138b8d52bd4b5465f",
                "sha256:dee2d1db1067e8a4b682dde7eb4bff21775412358e142f4f98c9066173f9dacd",
                "sha256:e38bb30a58887d63b80b01115ab5e8be6158b44d00b67197186385ec7efe44c7",
                "sha256:e3cf57f90a760c56c55668f650ba20c3444cde8332820db621c9a1aafc217471",
                "sha256:ea1f2e47bc0124a03ee1e5fb31aee5dfde876244bcc552b9e3eb20b041b350d7",
                "sha256:ec1da7b9156ae000cea2d19bad83ddb5c50252f9d7b186da276d17768c67a3cb",
                "sha256:ee9ecad04269c2da4b1be403a47993981531ffd557064b870eab4094730e5062"
            ],
            "markers": "python_version >= '3.9'",
            "version": "==8.0"
        },
        "zope.schema": {
            "hashes": [
                "sha256:37c43a8d06a9afa6740a8df481f5b7690de8ea8a8c4af491d3bb697ab079eb6d",
                "sha256:b7fd5f9c1cb1460b2e4dd5a8e5a9a7bcaa72eb892a8e70690f615c4f98c0abaa"
            ],
            "markers": "python_version >= '3.9'",
            "version": "==8.0"
        },
        "zope.testbrowser": {
            "hashes": [
                "sha256:35175e97be098cc4f8357ef83fbb5f3280e0e2400e8ea30b0e7e8533dd3d150d",
                "sha256:eaa5b94d8e11e66735b61d277882691f2a0ce3e90f23fca250e6e3f7e478ea2a"
            ],
            "markers": "python_version >= '3.9'",
            "version": "==8.0"
        }
    },
    "develop": {
        "fancycompleter": {
            "hashes": [
                "sha256:44243d7fab37087208ca5acacf8f74c0aa4d733d04d593857873af7513cdf8a6",
                "sha256:5b4ad65d76b32b1259251516d0f1cb2d82832b1ff8506697a707284780757f69"
            ],
            "markers": "python_version >= '3.8'",
            "version": "==0.11.1"
        },
        "pdbpp": {
            "hashes": [
                "sha256:51916b63693898cf4881b36b4501c83947758d73f582f1f84893662b163bdb75",
                "sha256:cb6604ac31a35ed0f2a29650a8c022b26284620be3e01cfd41b683b91da1ff14"
            ],
            "index": "pypi",
            "version": "==0.11.7"
        },
        "pygments": {
            "hashes": [
                "sha256:636cb2477cec7f8952536970bc533bc43743542f70392ae026374600add5b887",
                "sha256:86540386c03d588bb81d44bc3928634ff26449851e99741617ecb9037ee5ec0b"
            ],
            "markers": "python_version >= '3.8'",
            "version": "==2.19.2"
        }
    }
}
