{
    "_meta": {
        "hash": {
            "sha256": "9e849d918684e3e9ec291aaddbde15c4578fd7dcbbf0d82f7671865605046874"
        },
        "pipfile-spec": 6,
        "requires": {
            "python_version": "3"
        },
        "sources": [
            {
                "name": "pypi",
                "url": "https://pypi.org/simple",
                "verify_ssl": true
            }
        ]
    },
    "default": {
        "beautifulsoup4": {
            "hashes": [
                "sha256:492bbc69dca35d12daac71c4db1bfff0c876c00ef4a2ffacce226d4638eb72da",
                "sha256:bd2520ca0d9d7d12694a53d44ac482d181b4ec1888909b035a3dbf40d0f57d4a"
            ],
            "markers": "python_full_version >= '3.6.0'",
            "version": "==4.12.2"
        },
        "briefkasten-watchdog": {
            "editable": true,
            "path": "src/watchdog/"
        },
        "click": {
            "hashes": [
                "sha256:7682dc8afb30297001674575ea00d1814d808d6a36af415a82bd481d37ba7b8e",
                "sha256:bb4d8133cb15a609f44e8213d9b391b0809795062913b383c62be0ee95b1db48"
            ],
            "markers": "python_version >= '3.7'",
            "version": "==8.1.3"
        },
        "cssselect": {
            "hashes": [
                "sha256:666b19839cfaddb9ce9d36bfe4c969132c647b92fc9088c4e23f786b30f1b3dc",
                "sha256:da1885f0c10b60c03ed5eccbb6b68d6eff248d91976fcde348f395d54c9fd35e"
            ],
            "markers": "python_version >= '3.7'",
            "version": "==1.2.0"
        },
        "lxml": {
            "hashes": [
                "sha256:01d36c05f4afb8f7c20fd9ed5badca32a2029b93b1750f571ccc0b142531caf7",
                "sha256:04876580c050a8c5341d706dd464ff04fd597095cc8c023252566a8826505726",
                "sha256:05ca3f6abf5cf78fe053da9b1166e062ade3fa5d4f92b4ed688127ea7d7b1d03",
                "sha256:090c6543d3696cbe15b4ac6e175e576bcc3f1ccfbba970061b7300b0c15a2140",
                "sha256:0dc313ef231edf866912e9d8f5a042ddab56c752619e92dfd3a2c277e6a7299a",
                "sha256:0f2b1e0d79180f344ff9f321327b005ca043a50ece8713de61d1cb383fb8ac05",
                "sha256:13598ecfbd2e86ea7ae45ec28a2a54fb87ee9b9fdb0f6d343297d8e548392c03",
                "sha256:16efd54337136e8cd72fb9485c368d91d77a47ee2d42b057564aae201257d419",
                "sha256:1ab8f1f932e8f82355e75dda5413a57612c6ea448069d4fb2e217e9a4bed13d4",
                "sha256:223f4232855ade399bd409331e6ca70fb5578efef22cf4069a6090acc0f53c0e",
                "sha256:2455cfaeb7ac70338b3257f41e21f0724f4b5b0c0e7702da67ee6c3640835b67",
                "sha256:2899456259589aa38bfb018c364d6ae7b53c5c22d8e27d0ec7609c2a1ff78b50",
                "sha256:2a29ba94d065945944016b6b74e538bdb1751a1db6ffb80c9d3c2e40d6fa9894",
                "sha256:2a87fa548561d2f4643c99cd13131acb607ddabb70682dcf1dff5f71f781a4bf",
                "sha256:2e430cd2824f05f2d4f687701144556646bae8f249fd60aa1e4c768ba7018947",
                "sha256:36c3c175d34652a35475a73762b545f4527aec044910a651d2bf50de9c3352b1",
                "sha256:3818b8e2c4b5148567e1b09ce739006acfaa44ce3156f8cbbc11062994b8e8dd",
                "sha256:3ab9fa9d6dc2a7f29d7affdf3edebf6ece6fb28a6d80b14c3b2fb9d39b9322c3",
                "sha256:3efea981d956a6f7173b4659849f55081867cf897e719f57383698af6f618a92",
                "sha256:4c8f293f14abc8fd3e8e01c5bd86e6ed0b6ef71936ded5bf10fe7a5efefbaca3",
                "sha256:5344a43228767f53a9df6e5b253f8cdca7dfc7b7aeae52551958192f56d98457",
                "sha256:58bfa3aa19ca4c0f28c5dde0ff56c520fbac6f0daf4fac66ed4c8d2fb7f22e74",
                "sha256:5b4545b8a40478183ac06c073e81a5ce4cf01bf1734962577cf2bb569a5b3bbf",
                "sha256:5f50a1c177e2fa3ee0667a5ab79fdc6b23086bc8b589d90b93b4bd17eb0e64d1",
                "sha256:63da2ccc0857c311d764e7d3d90f429c252e83b52d1f8f1d1fe55be26827d1f4",
                "sha256:6749649eecd6a9871cae297bffa4ee76f90b4504a2a2ab528d9ebe912b101975",
                "sha256:6804daeb7ef69e7b36f76caddb85cccd63d0c56dedb47555d2fc969e2af6a1a5",
                "sha256:689bb688a1db722485e4610a503e3e9210dcc20c520b45ac8f7533c837be76fe",
                "sha256:699a9af7dffaf67deeae27b2112aa06b41c370d5e7633e0ee0aea2e0b6c211f7",
                "sha256:6b418afe5df18233fc6b6093deb82a32895b6bb0b1155c2cdb05203f583053f1",
                "sha256:76cf573e5a365e790396a5cc2b909812633409306c6531a6877c59061e42c4f2",
                "sha256:7b515674acfdcadb0eb5d00d8a709868173acece5cb0be3dd165950cbfdf5409",
                "sha256:7b770ed79542ed52c519119473898198761d78beb24b107acf3ad65deae61f1f",
                "sha256:7d2278d59425777cfcb19735018d897ca8303abe67cc735f9f97177ceff8027f",
                "sha256:7e91ee82f4199af8c43d8158024cbdff3d931df350252288f0d4ce656df7f3b5",
                "sha256:821b7f59b99551c69c85a6039c65b75f5683bdc63270fec660f75da67469ca24",
                "sha256:822068f85e12a6e292803e112ab876bc03ed1f03dddb80154c395f891ca6b31e",
                "sha256:8340225bd5e7a701c0fa98284c849c9b9fc9238abf53a0ebd90900f25d39a4e4",
                "sha256:85cabf64adec449132e55616e7ca3e1000ab449d1d0f9d7f83146ed5bdcb6d8a",
                "sha256:880bbbcbe2fca64e2f4d8e04db47bcdf504936fa2b33933efd945e1b429bea8c",
                "sha256:8d0b4612b66ff5d62d03bcaa043bb018f74dfea51184e53f067e6fdcba4bd8de",
                "sha256:8e20cb5a47247e383cf4ff523205060991021233ebd6f924bca927fcf25cf86f",
                "sha256:925073b2fe14ab9b87e73f9a5fde6ce6392da430f3004d8b72cc86f746f5163b",
                "sha256:998c7c41910666d2976928c38ea96a70d1aa43be6fe502f21a651e17483a43c5",
                "sha256:9b22c5c66f67ae00c0199f6055705bc3eb3fcb08d03d2ec4059a2b1b25ed48d7",
                "sha256:9f102706d0ca011de571de32c3247c6476b55bb6bc65a20f682f000b07a4852a",
                "sha256:a08cff61517ee26cb56f1e949cca38caabe9ea9fbb4b1e10a805dc39844b7d5c",
                "sha256:a0a336d6d3e8b234a3aae3c674873d8f0e720b76bc1d9416866c41cd9500ffb9",
                "sha256:a35f8b7fa99f90dd2f5dc5a9fa12332642f087a7641289ca6c40d6e1a2637d8e",
                "sha256:a38486985ca49cfa574a507e7a2215c0c780fd1778bb6290c21193b7211702ab",
                "sha256:a5da296eb617d18e497bcf0a5c528f5d3b18dadb3619fbdadf4ed2356ef8d941",
                "sha256:a6e441a86553c310258aca15d1c05903aaf4965b23f3bc2d55f200804e005ee5",
                "sha256:a82d05da00a58b8e4c0008edbc8a4b6ec5a4bc1e2ee0fb6ed157cf634ed7fa45",
                "sha256:ab323679b8b3030000f2be63e22cdeea5b47ee0abd2d6a1dc0c8103ddaa56cd7",
                "sha256:b1f42b6921d0e81b1bcb5e395bc091a70f41c4d4e55ba99c6da2b31626c44892",
                "sha256:b23e19989c355ca854276178a0463951a653309fb8e57ce674497f2d9f208746",
                "sha256:b264171e3143d842ded311b7dccd46ff9ef34247129ff5bf5066123c55c2431c",
                "sha256:b26a29f0b7fc6f0897f043ca366142d2b609dc60756ee6e4e90b5f762c6adc53",
                "sha256:b64d891da92e232c36976c80ed7ebb383e3f148489796d8d31a5b6a677825efe",
                "sha256:b9cc34af337a97d470040f99ba4282f6e6bac88407d021688a5d585e44a23184",
                "sha256:bc718cd47b765e790eecb74d044cc8d37d58562f6c314ee9484df26276d36a38",
                "sha256:be7292c55101e22f2a3d4d8913944cbea71eea90792bf914add27454a13905df",
                "sha256:c83203addf554215463b59f6399835201999b5e48019dc17f182ed5ad87205c9",
                "sha256:c9ec3eaf616d67db0764b3bb983962b4f385a1f08304fd30c7283954e6a7869b",
                "sha256:ca34efc80a29351897e18888c71c6aca4a359247c87e0b1c7ada14f0ab0c0fb2",
                "sha256:ca989b91cf3a3ba28930a9fc1e9aeafc2a395448641df1f387a2d394638943b0",
                "sha256:d02a5399126a53492415d4906ab0ad0375a5456cc05c3fc0fc4ca11771745cda",
                "sha256:d17bc7c2ccf49c478c5bdd447594e82692c74222698cfc9b5daae7ae7e90743b",
                "sha256:d5bf6545cd27aaa8a13033ce56354ed9e25ab0e4ac3b5392b763d8d04b08e0c5",
                "sha256:d6b430a9938a5a5d85fc107d852262ddcd48602c120e3dbb02137c83d212b380",
                "sha256:da248f93f0418a9e9d94b0080d7ebc407a9a5e6d0b57bb30db9b5cc28de1ad33",
                "sha256:da4dd7c9c50c059aba52b3524f84d7de956f7fef88f0bafcf4ad7dde94a064e8",
                "sha256:df0623dcf9668ad0445e0558a21211d4e9a149ea8f5666917c8eeec515f0a6d1",
                "sha256:e5168986b90a8d1f2f9dc1b841467c74221bd752537b99761a93d2d981e04889",
                "sha256:efa29c2fe6b4fdd32e8ef81c1528506895eca86e1d8c4657fda04c9b3786ddf9",
                "sha256:f1496ea22ca2c830cbcbd473de8f114a320da308438ae65abad6bab7867fe38f",
                "sha256:f49e52d174375a7def9915c9f06ec4e569d235ad428f70751765f48d5926678c"
            ],
            "markers": "python_version >= '2.7' and python_version not in '3.0, 3.1, 3.2, 3.3, 3.4'",
            "version": "==4.9.2"
        },
        "prometheus-client": {
            "hashes": [
                "sha256:9c3b26f1535945e85b8934fb374678d263137b78ef85f305b1156c7c881cd11b",
                "sha256:a77b708cf083f4d1a3fb3ce5c95b4afa32b9c521ae363354a4a910204ea095ce"
            ],
            "markers": "python_version >= '3.6'",
            "version": "==0.17.0"
        },
        "pyquery": {
            "hashes": [
                "sha256:8dfc9b4b7c5f877d619bbae74b1898d5743f6ca248cfd5d72b504dd614da312f",
                "sha256:963e8d4e90262ff6d8dec072ea97285dc374a2f69cad7776f4082abcf6a1d8ae"
            ],
            "version": "==2.0.0"
        },
        "pytz": {
            "hashes": [
                "sha256:1d8ce29db189191fb55338ee6d0387d82ab59f3d00eac103412d64e0ebd0c588",
                "sha256:a151b3abb88eda1d4e34a9814df37de2a80e301e68ba0fd856fb9b46bfbbbffb"
            ],
            "version": "==2023.3"
        },
        "setuptools": {
            "hashes": [
                "sha256:11e52c67415a381d10d6b462ced9cfb97066179f0e871399e006c4ab101fc85f",
                "sha256:baf1fdb41c6da4cd2eae722e135500da913332ab3f2f5c7d33af9b492acb5235"
            ],
            "markers": "python_version >= '3.7'",
            "version": "==68.0.0"
        },
        "soupsieve": {
            "hashes": [
                "sha256:1c1bfee6819544a3447586c889157365a27e10d88cde3ad3da0cf0ddf646feb8",
                "sha256:89d12b2d5dfcd2c9e8c22326da9d9aa9cb3dfab0a83a024f05704076ee8d35ea"
            ],
            "markers": "python_version >= '3.7'",
            "version": "==2.4.1"
        },
        "waitress": {
            "hashes": [
                "sha256:7500c9625927c8ec60f54377d590f67b30c8e70ef4b8894214ac6e4cad233d2a",
                "sha256:780a4082c5fbc0fde6a2fcfe5e26e6efc1e8f425730863c04085769781f51eba"
            ],
            "markers": "python_full_version >= '3.7.0'",
            "version": "==2.1.2"
        },
        "webob": {
            "hashes": [
                "sha256:73aae30359291c14fa3b956f8b5ca31960e420c28c1bec002547fb04928cf89b",
                "sha256:b64ef5141be559cfade448f044fa45c2260351edcb6a8ef6b7e00c7dcef0c323"
            ],
            "markers": "python_version >= '2.7' and python_version not in '3.0, 3.1, 3.2, 3.3'",
            "version": "==1.8.7"
        },
        "webtest": {
            "hashes": [
                "sha256:2a001a9efa40d2a7e5d9cd8d1527c75f41814eb6afce2c3d207402547b1e5ead",
                "sha256:54bd969725838d9861a9fa27f8d971f79d275d94ae255f5c501f53bb6d9929eb"
            ],
            "markers": "python_version >= '3.6' and python_version < '4'",
            "version": "==3.0.0"
        },
        "wsgiproxy2": {
            "hashes": [
                "sha256:0d9ecb141de720e2fd4f7a275a4a83a961ffeb6717483d940021ffa1c46f665c",
                "sha256:37ab414dc568aba8c1fb0660885d05ab7ddde0a3460af90fea415afcdd7dfca8"
            ],
            "version": "==0.5.1"
        },
        "zope.cachedescriptors": {
            "hashes": [
                "sha256:3157be866fc9724d077a8b5bf6c3fc21c38a4147ab664e724622dfe5faff048a",
                "sha256:7ee05950c12c241104c9c91530f128d9d96d43d260e0b57864382ee2f3272f8b"
            ],
            "markers": "python_version >= '3.7'",
            "version": "==5.0"
        },
        "zope.event": {
            "hashes": [
                "sha256:2832e95014f4db26c47a13fdaef84cef2f4df37e66b59d8f1f4a8f319a632c26",
                "sha256:bac440d8d9891b4068e2b5a2c5e2c9765a9df762944bda6955f96bb9b91e67cd"
            ],
            "markers": "python_version >= '3.7'",
            "version": "==5.0"
        },
        "zope.interface": {
            "hashes": [
                "sha256:042f2381118b093714081fd82c98e3b189b68db38ee7d35b63c327c470ef8373",
                "sha256:0ec9653825f837fbddc4e4b603d90269b501486c11800d7c761eee7ce46d1bbb",
                "sha256:12175ca6b4db7621aedd7c30aa7cfa0a2d65ea3a0105393e05482d7a2d367446",
                "sha256:1592f68ae11e557b9ff2bc96ac8fc30b187e77c45a3c9cd876e3368c53dc5ba8",
                "sha256:23ac41d52fd15dd8be77e3257bc51bbb82469cf7f5e9a30b75e903e21439d16c",
                "sha256:424d23b97fa1542d7be882eae0c0fc3d6827784105264a8169a26ce16db260d8",
                "sha256:4407b1435572e3e1610797c9203ad2753666c62883b921318c5403fb7139dec2",
                "sha256:48f4d38cf4b462e75fac78b6f11ad47b06b1c568eb59896db5b6ec1094eb467f",
                "sha256:4c3d7dfd897a588ec27e391edbe3dd320a03684457470415870254e714126b1f",
                "sha256:5171eb073474a5038321409a630904fd61f12dd1856dd7e9d19cd6fe092cbbc5",
                "sha256:5a158846d0fca0a908c1afb281ddba88744d403f2550dc34405c3691769cdd85",
                "sha256:6ee934f023f875ec2cfd2b05a937bd817efcc6c4c3f55c5778cbf78e58362ddc",
                "sha256:790c1d9d8f9c92819c31ea660cd43c3d5451df1df61e2e814a6f99cebb292788",
                "sha256:809fe3bf1a91393abc7e92d607976bbb8586512913a79f2bf7d7ec15bd8ea518",
                "sha256:87b690bbee9876163210fd3f500ee59f5803e4a6607d1b1238833b8885ebd410",
                "sha256:89086c9d3490a0f265a3c4b794037a84541ff5ffa28bb9c24cc9f66566968464",
                "sha256:99856d6c98a326abbcc2363827e16bd6044f70f2ef42f453c0bd5440c4ce24e5",
                "sha256:aab584725afd10c710b8f1e6e208dbee2d0ad009f57d674cb9d1b3964037275d",
                "sha256:af169ba897692e9cd984a81cb0f02e46dacdc07d6cf9fd5c91e81f8efaf93d52",
                "sha256:b39b8711578dcfd45fc0140993403b8a81e879ec25d53189f3faa1f006087dca",
                "sha256:b3f543ae9d3408549a9900720f18c0194ac0fe810cecda2a584fd4dca2eb3bb8",
                "sha256:d0583b75f2e70ec93f100931660328965bb9ff65ae54695fb3fa0a1255daa6f2",
                "sha256:dfbbbf0809a3606046a41f8561c3eada9db811be94138f42d9135a5c47e75f6f",
                "sha256:e538f2d4a6ffb6edfb303ce70ae7e88629ac6e5581870e66c306d9ad7b564a58",
                "sha256:eba51599370c87088d8882ab74f637de0c4f04a6d08a312dce49368ba9ed5c2a",
                "sha256:ee4b43f35f5dc15e1fec55ccb53c130adb1d11e8ad8263d68b1284b66a04190d",
                "sha256:f2363e5fd81afb650085c6686f2ee3706975c54f331b426800b53531191fdf28",
                "sha256:f299c020c6679cb389814a3b81200fe55d428012c5e76da7e722491f5d205990",
                "sha256:f72f23bab1848edb7472309e9898603141644faec9fd57a823ea6b4d1c4c8995",
                "sha256:fa90bac61c9dc3e1a563e5babb3fd2c0c1c80567e815442ddbe561eadc803b30"
            ],
            "markers": "python_version >= '3.7'",
            "version": "==6.0"
        },
        "zope.schema": {
            "hashes": [
                "sha256:cf006c678793b00e0075ad54d55281c8785ea21e5bc1f5ec0584787719c2aab2",
                "sha256:ead4dbcb03354d4e410c9a3b904451eb44d90254751b1cbdedf4a61aede9fbb9"
            ],
            "markers": "python_version >= '3.7'",
            "version": "==7.0.1"
        },
        "zope.testbrowser": {
            "hashes": [
                "sha256:44b77a5e9037abedc36476a2ea3dc7e974d613ce5293dd77cc02f888ee31fa1a",
                "sha256:500350ffe510cddbff77f1f251b718a217d9d48515252f58b1a06afa1873f57d"
            ],
            "markers": "python_version >= '3.7'",
            "version": "==6.0"
        }
    },
    "develop": {
        "fancycompleter": {
            "hashes": [
                "sha256:09e0feb8ae242abdfd7ef2ba55069a46f011814a80fe5476be48f51b00247272",
                "sha256:dd076bca7d9d524cc7f25ec8f35ef95388ffef9ef46def4d3d25e9b044ad7080"
            ],
            "version": "==0.9.1"
        },
        "pdbpp": {
            "hashes": [
                "sha256:79580568e33eb3d6f6b462b1187f53e10cd8e4538f7d31495c9181e2cf9665d1",
                "sha256:d9e43f4fda388eeb365f2887f4e7b66ac09dce9b6236b76f63616530e2f669f5"
            ],
            "index": "pypi",
            "version": "==0.10.3"
        },
        "pygments": {
            "hashes": [
                "sha256:8ace4d3c1dd481894b2005f560ead0f9f19ee64fe983366be1a21e171d12775c",
                "sha256:db2db3deb4b4179f399a09054b023b6a586b76499d36965813c71aa8ed7b5fd1"
            ],
            "markers": "python_version >= '3.7'",
            "version": "==2.15.1"
        },
        "pyrepl": {
            "hashes": [
                "sha256:292570f34b5502e871bbb966d639474f2b57fbfcd3373c2d6a2f3d56e681a775"
            ],
            "version": "==0.9.0"
        },
        "wmctrl": {
            "hashes": [
                "sha256:66cbff72b0ca06a22ec3883ac3a4d7c41078bdae4fb7310f52951769b10e14e0"
            ],
            "version": "==0.4"
        }
    }
}
