version = 1
revision = 3
requires-python = ">=3.14"

[[package]]
name = "beautifulsoup4"
version = "4.15.0"
source = { registry = "https://pypi.org/simple" }
dependencies = [
    { name = "soupsieve" },
    { name = "typing-extensions" },
]
sdist = { url = "https://files.pythonhosted.org/packages/43/65/318323f98dbee45d42dff61d8f047181bc6f2268a9068cfad035a46be5af/beautifulsoup4-4.15.0.tar.gz", hash = "sha256:288e3ca7d54b06f2ac191970bc275c1939cb46d450b255bf6718b04aa37ab4f7", size = 632571, upload-time = "2026-06-07T16:44:20.453Z" }
wheels = [
    { url = "https://files.pythonhosted.org/packages/88/c6/92fcd42f1ba33e1184263f25bfabf3d27c383410470f169e4b8163bf9c17/beautifulsoup4-4.15.0-py3-none-any.whl", hash = "sha256:d6f88de62e1d4e38ecb1077eb9724cd0eff29d2a08ca16a401e9b9e93f117cf9", size = 109924, upload-time = "2026-06-07T16:44:21.566Z" },
]

[[package]]
name = "briefkasten-watchdog"
version = "0.4"
source = { editable = "." }
dependencies = [
    { name = "click" },
    { name = "prometheus-client" },
    { name = "pyquery" },
    { name = "zope-testbrowser" },
]

[package.dev-dependencies]
dev = [
    { name = "pdbpp" },
    { name = "pytest" },
]

[package.metadata]
requires-dist = [
    { name = "click" },
    { name = "prometheus-client" },
    { name = "pyquery" },
    { name = "zope-testbrowser" },
]

[package.metadata.requires-dev]
dev = [
    { name = "pdbpp" },
    { name = "pytest" },
]

[[package]]
name = "click"
version = "8.4.2"
source = { registry = "https://pypi.org/simple" }
dependencies = [
    { name = "colorama", marker = "sys_platform == 'win32'" },
]
sdist = { url = "https://files.pythonhosted.org/packages/76/d4/81420972a676e8ffea40450d8c8c92943e7218a78fe9b64359836cc9876b/click-8.4.2.tar.gz", hash = "sha256:9a6cea6e60b17ebe0a44c5cc636d94f09bd66142c1cd7d8b4cd731c4917a15f6", size = 338000, upload-time = "2026-06-24T17:45:15.148Z" }
wheels = [
    { url = "https://files.pythonhosted.org/packages/fb/e2/79c688af8b210d232694e31e59da9f6ec747bae31c3f5946e4e9b98860d5/click-8.4.2-py3-none-any.whl", hash = "sha256:e6f9f66136c816745b9d65817da91d61d957fb16e02e4dcd0552553c5a197b76", size = 119243, upload-time = "2026-06-24T17:45:13.73Z" },
]

[[package]]
name = "colorama"
version = "0.4.6"
source = { registry = "https://pypi.org/simple" }
sdist = { url = "https://files.pythonhosted.org/packages/d8/53/6f443c9a4a8358a93a6792e2acffb9d9d5cb0a5cfd8802644b7b1c9a02e4/colorama-0.4.6.tar.gz", hash = "sha256:08695f5cb7ed6e0531a20572697297273c47b8cae5a63ffc6d6ed5c201be6e44", size = 27697, upload-time = "2022-10-25T02:36:22.414Z" }
wheels = [
    { url = "https://files.pythonhosted.org/packages/d1/d6/3965ed04c63042e047cb6a3e6ed1a63a35087b6a609aa3a15ed8ac56c221/colorama-0.4.6-py2.py3-none-any.whl", hash = "sha256:4f1d9991f5acc0ca119f9d443620b77f9d6b33703e51011c16baf57afb285fc6", size = 25335, upload-time = "2022-10-25T02:36:20.889Z" },
]

[[package]]
name = "cssselect"
version = "1.5.0"
source = { registry = "https://pypi.org/simple" }
sdist = { url = "https://files.pythonhosted.org/packages/8e/5a/6d6fcf922709391fac986f0a03ad4546f4f45b94d10aeb6c1ee041599993/cssselect-1.5.0.tar.gz", hash = "sha256:3cbe82dd7acbee9ba9e5723b5f9e4749826912f1fb31cd7f92aabed5fde15b15", size = 47598, upload-time = "2026-07-27T09:17:34.189Z" }
wheels = [
    { url = "https://files.pythonhosted.org/packages/60/e9/6734502f67533a752ea8b1c8f7f227c94eecf300252ba8bf23e3e59d8a36/cssselect-1.5.0-py3-none-any.whl", hash = "sha256:1d1aded98e82bdde447ded990a191fd6916177c4f0c914fb62eccd58e2ffcdcc", size = 20797, upload-time = "2026-07-27T09:17:33.04Z" },
]

[[package]]
name = "fancycompleter"
version = "0.11.1"
source = { registry = "https://pypi.org/simple" }
sdist = { url = "https://files.pythonhosted.org/packages/4e/4c/d11187dee93eff89d082afda79b63c79320ae1347e49485a38f05ad359d0/fancycompleter-0.11.1.tar.gz", hash = "sha256:5b4ad65d76b32b1259251516d0f1cb2d82832b1ff8506697a707284780757f69", size = 341776, upload-time = "2025-05-26T12:59:11.045Z" }
wheels = [
    { url = "https://files.pythonhosted.org/packages/30/c3/6f0e3896f193528bbd2b4d2122d4be8108a37efab0b8475855556a8c4afa/fancycompleter-0.11.1-py3-none-any.whl", hash = "sha256:44243d7fab37087208ca5acacf8f74c0aa4d733d04d593857873af7513cdf8a6", size = 11207, upload-time = "2025-05-26T12:59:09.857Z" },
]

[[package]]
name = "iniconfig"
version = "2.3.0"
source = { registry = "https://pypi.org/simple" }
sdist = { url = "https://files.pythonhosted.org/packages/72/34/14ca021ce8e5dfedc35312d08ba8bf51fdd999c576889fc2c24cb97f4f10/iniconfig-2.3.0.tar.gz", hash = "sha256:c76315c77db068650d49c5b56314774a7804df16fee4402c1f19d6d15d8c4730", size = 20503, upload-time = "2025-10-18T21:55:43.219Z" }
wheels = [
    { url = "https://files.pythonhosted.org/packages/cb/b1/3846dd7f199d53cb17f49cba7e651e9ce294d8497c8c150530ed11865bb8/iniconfig-2.3.0-py3-none-any.whl", hash = "sha256:f631c04d2c48c52b84d0d0549c99ff3859c98df65b3101406327ecc7d53fbf12", size = 7484, upload-time = "2025-10-18T21:55:41.639Z" },
]

[[package]]
name = "legacy-cgi"
version = "2.6.4"
source = { registry = "https://pypi.org/simple" }
sdist = { url = "https://files.pythonhosted.org/packages/f4/9c/91c7d2c5ebbdf0a1a510bfa0ddeaa2fbb5b78677df5ac0a0aa51cf7125b0/legacy_cgi-2.6.4.tar.gz", hash = "sha256:abb9dfc7835772f7c9317977c63253fd22a7484b5c9bbcdca60a29dcce97c577", size = 24603, upload-time = "2025-10-27T05:20:05.395Z" }
wheels = [
    { url = "https://files.pythonhosted.org/packages/8c/7e/e7394eeb49a41cc514b3eb49020223666cbf40d86f5721c2f07871e6d84a/legacy_cgi-2.6.4-py3-none-any.whl", hash = "sha256:7e235ce58bf1e25d1fc9b2d299015e4e2cd37305eccafec1e6bac3fc04b878cd", size = 20035, upload-time = "2025-10-27T05:20:04.289Z" },
]

[[package]]
name = "lxml"
version = "6.1.2"
source = { registry = "https://pypi.org/simple" }
sdist = { url = "https://files.pythonhosted.org/packages/ad/a9/970b8fa0ecc4fbf1dfaed0d89bbc1fc1421b25ec26a2038c91e872dc6c8e/lxml-6.1.2.tar.gz", hash = "sha256:1055241852f2b02068af4a625a5d32c087db193c12251928af2562ecd2239f18", size = 4210626, upload-time = "2026-08-19T04:58:15.341Z" }
wheels = [
    { url = "https://files.pythonhosted.org/packages/27/b5/728b0578791b397ace8d1b101c8b3fe10f36043542f7bb85f82d8bdc3f50/lxml-6.1.2-cp314-cp314-macosx_10_15_universal2.whl", hash = "sha256:d50a44113fe6800dcc8a859332b823a4735b1e6ae1b0063882e4cca569ec3e29", size = 8609651, upload-time = "2026-08-19T04:58:42.42Z" },
    { url = "https://files.pythonhosted.org/packages/3c/6b/49209fa6225c15c48a30061f03d3aba75e3c19634813b88bf83b88c525ed/lxml-6.1.2-cp314-cp314-macosx_10_15_x86_64.whl", hash = "sha256:fa813b0247d0543a563b993ac3dba6168eef59e3a61448432cf5453300c2412b", size = 4639588, upload-time = "2026-08-19T04:59:01.501Z" },
    { url = "https://files.pythonhosted.org/packages/20/86/80bae4e8bc2eed9d6f017701a3d86fdea56936218efa738911d0b76aa7f4/lxml-6.1.2-cp314-cp314-manylinux2014_aarch64.manylinux_2_17_aarch64.whl", hash = "sha256:d858e718b94033ab4b67e4a58fe3114c65bae01ae2314a62fb39ae8897ed4324", size = 4964846, upload-time = "2026-08-19T04:59:08.59Z" },
    { url = "https://files.pythonhosted.org/packages/70/ce/4782caee7a22959c1ac67cb46495e03912c22a4ba7d20c163496a519e815/lxml-6.1.2-cp314-cp314-manylinux2014_x86_64.manylinux_2_17_x86_64.whl", hash = "sha256:3e3b666f57a5d81562f38c766c762416b0f6eb58a00590546911514b48412abd", size = 5099288, upload-time = "2026-08-19T04:59:18.649Z" },
    { url = "https://files.pythonhosted.org/packages/32/21/f120967cc43b54e05512dff0c39726b832c836195d30f41f88733ef36ac8/lxml-6.1.2-cp314-cp314-manylinux_2_26_aarch64.manylinux_2_28_aarch64.whl", hash = "sha256:26ff164c6629e5c4d11c9e55d5ea3d6eed0be2a420eee1f55cbce6e2c23e231a", size = 5036837, upload-time = "2026-08-19T04:59:47.217Z" },
    { url = "https://files.pythonhosted.org/packages/61/ba/8005e9f47598e3ec5c18312c77f94e889580027616678848405c6aeba5de/lxml-6.1.2-cp314-cp314-manylinux_2_26_ppc64le.manylinux_2_28_ppc64le.whl", hash = "sha256:962c12b51d0b164f12569af225dea57568477e24a845b96eaccbef6c07e4cc03", size = 5658569, upload-time = "2026-08-19T04:59:54.078Z" },
    { url = "https://files.pythonhosted.org/packages/6a/ba/add33b3c7ce51462cf7a4637bcfec2eaa258364d6015b989dd7d1216e6a6/lxml-6.1.2-cp314-cp314-manylinux_2_26_x86_64.manylinux_2_28_x86_64.whl", hash = "sha256:47e367dfe341521426692819803e260d0673899c0ff611f14af978d725e2c999", size = 5246003, upload-time = "2026-08-19T04:59:59.764Z" },
    { url = "https://files.pythonhosted.org/packages/05/b3/a43012748fb861c914c5eac1c1a3bad44282e767499cd02280d4d1edf092/lxml-6.1.2-cp314-cp314-manylinux_2_28_i686.whl", hash = "sha256:92c2b366028ac01e90399e6d17734ce6e4f4aeddd8ba75fbaf80ea11d6c6d645", size = 5354047, upload-time = "2026-08-19T05:00:21.657Z" },
    { url = "https://files.pythonhosted.org/packages/8b/cb/813021d9a445713b8d758b9e5eae2ed392cd598d9f119d9b053b37c2ab93/lxml-6.1.2-cp314-cp314-manylinux_2_31_armv7l.whl", hash = "sha256:7e81fc065ede5d58dd0bf0912025aee1bd04c52c2affd61fdb93226a97ce2fc6", size = 4704382, upload-time = "2026-08-19T05:00:47.067Z" },
    { url = "https://files.pythonhosted.org/packages/17/c9/1155299f4577bebf3c280497534a73e4b8ad8cab3b96074731ad10949d4e/lxml-6.1.2-cp314-cp314-manylinux_2_38_riscv64.manylinux_2_39_riscv64.whl", hash = "sha256:633ac039cb32366dd5935868e041e385875c017b8cd54ea56aeee3fe29ca5935", size = 5258530, upload-time = "2026-08-19T05:01:14.893Z" },
    { url = "https://files.pythonhosted.org/packages/25/6e/d76e58384b378b877e140e25b9a9835da00035f81ff70cbe943a3749bf27/lxml-6.1.2-cp314-cp314-musllinux_1_2_aarch64.whl", hash = "sha256:2f3194777c0d05945ac91d8594be25d2679d1d826e01e1fc90bae568ff3a547b", size = 5089919, upload-time = "2026-08-19T05:01:33.602Z" },
    { url = "https://files.pythonhosted.org/packages/f3/b7/898013c0f8891481d0624ab3bd5dd8c8ff827232dfee2a5d1f8bf970a7cc/lxml-6.1.2-cp314-cp314-musllinux_1_2_armv7l.whl", hash = "sha256:1133bd969f2bfcc6b0c0cf7cdf5f2631e62b23fa2471ee8bd44f6ab73554ee9a", size = 4741972, upload-time = "2026-08-19T05:01:38.18Z" },
    { url = "https://files.pythonhosted.org/packages/c3/47/efb53c4d7b655831c03317a450d9da439b0829c61f34d9d4fe7c863445d6/lxml-6.1.2-cp314-cp314-musllinux_1_2_ppc64le.whl", hash = "sha256:1edca8f4a92b94e873093df959f141d388f2141fcad0c47598442fb4730ef57a", size = 5683241, upload-time = "2026-08-19T05:02:00.731Z" },
    { url = "https://files.pythonhosted.org/packages/da/0a/0ff36a584cbba14a71326ee8a5300694400f0b97927d1f90a87d95b17d4a/lxml-6.1.2-cp314-cp314-musllinux_1_2_riscv64.whl", hash = "sha256:8512b3775d68994dd1d6d533161e0a214f2ad9c634659d34a99c98e86c6c3d68", size = 5245892, upload-time = "2026-08-19T05:02:06.108Z" },
    { url = "https://files.pythonhosted.org/packages/8f/9e/303717a1aa56d4bd775c91936717d3c9e8d999a8e8b68b00979c4c1f93d0/lxml-6.1.2-cp314-cp314-musllinux_1_2_x86_64.whl", hash = "sha256:a5005c0c9e4d749a76a2ff8bd5918a8bb248df8e08e73a55654b9f79c9cd1e2b", size = 5269528, upload-time = "2026-08-19T05:02:09.883Z" },
    { url = "https://files.pythonhosted.org/packages/ad/c2/2ae7cb97089eb86bf0689516db3cf280a007b6145853d2a0235a1f01683d/lxml-6.1.2-cp314-cp314-win32.whl", hash = "sha256:e17e2c30e27f56da5551e7a425888b45f013e940b99ab07d125a1c33f77a4605", size = 3662743, upload-time = "2026-08-19T05:03:02.513Z" },
    { url = "https://files.pythonhosted.org/packages/77/13/a3d483230a09201e211ceb1aa208b1374d27d23b8b180d74dba14b30f6b3/lxml-6.1.2-cp314-cp314-win_amd64.whl", hash = "sha256:87e9673cd8a3445024fe38e7f91b55fa3428437eec9b7a7ff7d81979520c0d2d", size = 4073942, upload-time = "2026-08-19T05:03:04.864Z" },
    { url = "https://files.pythonhosted.org/packages/1c/f1/c1445d4b6ad7c51e39d4e2ebbf015a4880f5b297a4ab0e77e4d0e5b70110/lxml-6.1.2-cp314-cp314-win_arm64.whl", hash = "sha256:878e7c8ada8f92c52f13f35a2ab98ef0adf7fd0211d164fc2af589e4c3cfed63", size = 3749235, upload-time = "2026-08-19T05:03:07.239Z" },
    { url = "https://files.pythonhosted.org/packages/9d/eb/598c76f4ce19a67c635e86a46d880cc854f308f39a6f1fdf13bbb01813ec/lxml-6.1.2-cp314-cp314t-macosx_10_15_universal2.whl", hash = "sha256:94162456ed0a64fb1c06915df5bd06af4675ae3966d6048fcb73b0906e0e0222", size = 8860315, upload-time = "2026-08-19T05:02:14.39Z" },
    { url = "https://files.pythonhosted.org/packages/da/c7/1f9fac7b566a86ad0da13dcc0259164266469c0ad86744c740ccd5c2a081/lxml-6.1.2-cp314-cp314t-macosx_10_15_x86_64.whl", hash = "sha256:4b0fa7109b1d0bc1747d8241a0853e135eefb1c978685241b544c46937383efd", size = 4755176, upload-time = "2026-08-19T05:02:18.705Z" },
    { url = "https://files.pythonhosted.org/packages/3e/1b/cfda9307388d496e7eeb7493d9455896b8137ed95f51f3d6ae6ddcc14a47/lxml-6.1.2-cp314-cp314t-manylinux2014_aarch64.manylinux_2_17_aarch64.whl", hash = "sha256:604f4778632588d7c000e7e19430639dc12fca58b5b6e99edffba7631725ef0e", size = 4979444, upload-time = "2026-08-19T05:02:21.262Z" },
    { url = "https://files.pythonhosted.org/packages/e5/71/f732c8919c45b7f29acf443288c6e90036877a67bfeeb1acceb0fffa011b/lxml-6.1.2-cp314-cp314t-manylinux2014_x86_64.manylinux_2_17_x86_64.whl", hash = "sha256:5a096d6a5f96b776a5b020cb45c17c545effd2a3b6639e6fa97bc95537600923", size = 5115887, upload-time = "2026-08-19T05:02:23.62Z" },
    { url = "https://files.pythonhosted.org/packages/30/00/121d52b944f41e33ea86c62875f902d24982842dc7231ab154ac5a6c6593/lxml-6.1.2-cp314-cp314t-manylinux_2_26_aarch64.manylinux_2_28_aarch64.whl", hash = "sha256:6454d184d556eaf4cb3d6f69e405d21602d6fdcf08b8d57796824275986c6595", size = 5032418, upload-time = "2026-08-19T05:02:26.114Z" },
    { url = "https://files.pythonhosted.org/packages/70/19/cadb73c7fe48c7563dc8ab62ea53d5b920c8911bfb808507a6daa82e78d2/lxml-6.1.2-cp314-cp314t-manylinux_2_26_ppc64le.manylinux_2_28_ppc64le.whl", hash = "sha256:8b68f2548259bb04e0b3d5df0c397abe8b0080f5e1ffe4019fb7a8bf01a9339e", size = 5603304, upload-time = "2026-08-19T05:02:28.694Z" },
    { url = "https://files.pythonhosted.org/packages/13/32/9de126a14d5a5db8c371c5ec869178417db226707b62a47273a95ae6df7f/lxml-6.1.2-cp314-cp314t-manylinux_2_26_x86_64.manylinux_2_28_x86_64.whl", hash = "sha256:6c9cc4b6532abe154dbdebb42aaba8d52c852919591e45067f5b7d46a0405e88", size = 5228938, upload-time = "2026-08-19T05:02:30.99Z" },
    { url = "https://files.pythonhosted.org/packages/ff/9b/22dd9e843629ed04652591fb220eb2bf2394d97be3be377d60d8083405d7/lxml-6.1.2-cp314-cp314t-manylinux_2_28_i686.whl", hash = "sha256:57188e441ab24f906bd5a5c14eb55363ab51aa6c0de549f3dd320043721cc118", size = 5317790, upload-time = "2026-08-19T05:02:33.301Z" },
    { url = "https://files.pythonhosted.org/packages/2c/2c/b12a1dc121f81c280635c721c7bcaa341441fcbe37397f60b8915048aece/lxml-6.1.2-cp314-cp314t-manylinux_2_31_armv7l.whl", hash = "sha256:d0bfd719c254bbe60ea022cff0e6ffb799a6fa7d4d72852cebe0257957b32d68", size = 4646468, upload-time = "2026-08-19T05:02:35.504Z" },
    { url = "https://files.pythonhosted.org/packages/57/41/fd87a41edc531e7969c25ab1d6b52b5b041eb108b88f6394d6afb4374396/lxml-6.1.2-cp314-cp314t-manylinux_2_38_riscv64.manylinux_2_39_riscv64.whl", hash = "sha256:be6f87cd224254a8f81324e34cc655508b83f1d70458a1a39857ad2aa9925852", size = 5240607, upload-time = "2026-08-19T05:02:37.805Z" },
    { url = "https://files.pythonhosted.org/packages/6e/30/713ba813b6e6673c6dc34733746516017efcd17949b767b154cc50bccf20/lxml-6.1.2-cp314-cp314t-musllinux_1_2_aarch64.whl", hash = "sha256:074a88f70a7360a4a0c5be5d898062cd26f898c25b459efb1bdd43ae700c5a1a", size = 5086495, upload-time = "2026-08-19T05:02:40.099Z" },
    { url = "https://files.pythonhosted.org/packages/33/f8/6532ce0fecd9c326d06b08274ee075cc28dbc9f5e9285355db8504689114/lxml-6.1.2-cp314-cp314t-musllinux_1_2_armv7l.whl", hash = "sha256:9031f5f01452681abf39fdd65f84a70cb01a7572a1bbf570042e826b1232d07b", size = 4758801, upload-time = "2026-08-19T05:02:45.434Z" },
    { url = "https://files.pythonhosted.org/packages/74/b6/5a1f7833ebaa0dd33c28f6f9755ec6ff3891bf63f097634b44e6da1bb65e/lxml-6.1.2-cp314-cp314t-musllinux_1_2_ppc64le.whl", hash = "sha256:cfeac14425fc7a6fca7864b774d4ee63547926158f4a18c67d77b2c9a948acf1", size = 5626977, upload-time = "2026-08-19T05:02:48.092Z" },
    { url = "https://files.pythonhosted.org/packages/e6/20/6ae0fc1b45e20877cdcfb1168ceeaf9abb0fba5ed36bd639a260e7b2101e/lxml-6.1.2-cp314-cp314t-musllinux_1_2_riscv64.whl", hash = "sha256:8ec111ff8067325f85c08aa9c2b26179ec0537bb89c003fde31127139f85f82d", size = 5235036, upload-time = "2026-08-19T05:02:50.726Z" },
    { url = "https://files.pythonhosted.org/packages/47/b4/2bc7b37fbb990ccfb7d30393660741592177224a94e07d842c8da70638e8/lxml-6.1.2-cp314-cp314t-musllinux_1_2_x86_64.whl", hash = "sha256:48e912f37c99a297175ba955f55a47c0e1c834b506ef162e52a6e4fe276e6e45", size = 5252270, upload-time = "2026-08-19T05:02:53.454Z" },
    { url = "https://files.pythonhosted.org/packages/4d/0b/07fb8e1dee29a78e2c5fa5c6c914218be76a6406baff27907429566e90ec/lxml-6.1.2-cp314-cp314t-win32.whl", hash = "sha256:7c444c3a6e8e75334879980eed96568f0e12064c8b1913424eac1805e976736b", size = 3902666, upload-time = "2026-08-19T05:02:55.607Z" },
    { url = "https://files.pythonhosted.org/packages/58/ab/3371527bd9820aae6f511697c93032ed197b0d8dab0f17818f18d3099637/lxml-6.1.2-cp314-cp314t-win_amd64.whl", hash = "sha256:7f35ba7667004ecdafebbe08da7c9fa06ee6195275bb7ef7a29ee1901e69519c", size = 4401011, upload-time = "2026-08-19T05:02:57.899Z" },
    { url = "https://files.pythonhosted.org/packages/e6/bb/e6de9b2546a4e6df4fb52fb18921906a8b7a041aba06570995759a4d6d8b/lxml-6.1.2-cp314-cp314t-win_arm64.whl", hash = "sha256:d117f39b28ab8a330a74abdbe61c2255b51973b238db25fd6c2448de1eb2a02d", size = 3823384, upload-time = "2026-08-19T05:03:00.371Z" },
    { url = "https://files.pythonhosted.org/packages/0e/83/7ff98683e14a148191278728d11ba782c3d5137886d49fd95ab4036efa1b/lxml-6.1.2-cp315-cp315-macosx_10_15_universal2.whl", hash = "sha256:1e3c67b817867c484794d7fe0d73045d7d0c67460c78a0a1249a9e92266e6a0e", size = 8609183, upload-time = "2026-08-19T04:58:32.19Z" },
    { url = "https://files.pythonhosted.org/packages/24/39/c39f05e8240e98009dd3d4ceb248319d0f36467babc5f90a909ed0c5b68a/lxml-6.1.2-cp315-cp315-macosx_10_15_x86_64.whl", hash = "sha256:d3e97ac4353cca3fbbfa829bc0c6a913771573d1c6d46932d4335c46f2b7796a", size = 4639898, upload-time = "2026-08-19T04:58:39.017Z" },
    { url = "https://files.pythonhosted.org/packages/c5/bf/25e26b089510940a0777ab334357874569255e50930224c8159cd649e754/lxml-6.1.2-cp315-cp315-manylinux_2_26_aarch64.manylinux_2_28_aarch64.whl", hash = "sha256:827438bf6c8292d22a409bb7990d7cffce410f33e7664e46ca74d2ecc26975ef", size = 5037527, upload-time = "2026-08-19T04:58:46.224Z" },
    { url = "https://files.pythonhosted.org/packages/65/6d/aed3a58a3d662f7367a537fabe8c549f1446dbd043719e0ae8cd53f47819/lxml-6.1.2-cp315-cp315-manylinux_2_26_ppc64le.manylinux_2_28_ppc64le.whl", hash = "sha256:c470d192e27f97842a068cf12a1c1296b20ca716c56a9249715c6654bc192d19", size = 5661918, upload-time = "2026-08-19T04:59:02.534Z" },
    { url = "https://files.pythonhosted.org/packages/a5/ca/706d32b6957c0c2e005a9833e8fc528449196b38d5cfcf9e0fd86a96fb00/lxml-6.1.2-cp315-cp315-manylinux_2_26_x86_64.manylinux_2_28_x86_64.whl", hash = "sha256:ef0b8ba6e13597f681b2b4924ca9c4e8c88420bf0e21d9a9006c757f2fc39d1f", size = 5249359, upload-time = "2026-08-19T05:04:01.956Z" },
    { url = "https://files.pythonhosted.org/packages/ac/e9/445ff43f56fcffa06f6f3a7189920c216f3eacef68ef834d4111cdbd86ba/lxml-6.1.2-cp315-cp315-manylinux_2_31_armv7l.whl", hash = "sha256:65c32ddc5d0750129c7b119fb57d48192b76d334c21e6b690d19dfb06b34af79", size = 4704548, upload-time = "2026-08-19T05:04:04.57Z" },
    { url = "https://files.pythonhosted.org/packages/69/78/20b8b7e79a1b1d9cd4465c332d62962858562b446692f16a27068fa54b85/lxml-6.1.2-cp315-cp315-manylinux_2_38_riscv64.manylinux_2_39_riscv64.whl", hash = "sha256:0aa07065497f191ad26c4b587ce5dbb5a7105285a3789aafd0661750e8bac537", size = 5261170, upload-time = "2026-08-19T05:04:07.336Z" },
    { url = "https://files.pythonhosted.org/packages/54/ca/84a0e1148bf511e12e0d99732a4e136a3bf1b91622f0a1b197796e2ff984/lxml-6.1.2-cp315-cp315-musllinux_1_2_aarch64.whl", hash = "sha256:cde6b8db7d2e5135129eb5e74b7b44dd2053aa767cd5023541fccedddc262453", size = 5090576, upload-time = "2026-08-19T05:04:09.968Z" },
    { url = "https://files.pythonhosted.org/packages/6f/f8/1ef6fc7070bed8753315f2e4ea66bc0d37620e1444d014db7f0267b8faaf/lxml-6.1.2-cp315-cp315-musllinux_1_2_armv7l.whl", hash = "sha256:b28842b30c4bc2e6afe137d98a5d2071a62589471e76d053bea55b0e53298af9", size = 4744614, upload-time = "2026-08-19T05:04:12.717Z" },
    { url = "https://files.pythonhosted.org/packages/87/f6/3a4824cd1c1b81d996d2d75bbd176ba13fbe9b5d89489290d93ff9558486/lxml-6.1.2-cp315-cp315-musllinux_1_2_ppc64le.whl", hash = "sha256:11f529062255209a421ae4de5b1bb36b2f0a2e1a700745e675a4bf4084d13c00", size = 5685792, upload-time = "2026-08-19T05:04:15.367Z" },
    { url = "https://files.pythonhosted.org/packages/64/9a/f133bf16a67149e00ca5d8a8f1ae662c30a86c303aa242693b67f8e19856/lxml-6.1.2-cp315-cp315-musllinux_1_2_riscv64.whl", hash = "sha256:f8b89b3be75a37509602b03f9cfa1a28298d4eed4625748148307aeb907901b7", size = 5248972, upload-time = "2026-08-19T05:04:18.491Z" },
    { url = "https://files.pythonhosted.org/packages/50/63/273e7e8a73a5d183d8552dfdaa131dfda0292ddab7bcddc5a66a0ae525d8/lxml-6.1.2-cp315-cp315-musllinux_1_2_x86_64.whl", hash = "sha256:1a2331da06dd55a8184985306eb2afd72d708283ce7e85d67bba77317b785060", size = 5271809, upload-time = "2026-08-19T05:04:21.448Z" },
    { url = "https://files.pythonhosted.org/packages/49/eb/614117c36a28909e79ff7cdec87008f0bd996478f35cf72309189cf398b1/lxml-6.1.2-cp315-cp315-win32.whl", hash = "sha256:442766b326d9892585a64e8c6c4b5ab81d0e6c0538c9f0fc11a84dc101a5d97f", size = 3662854, upload-time = "2026-08-19T05:05:07.141Z" },
    { url = "https://files.pythonhosted.org/packages/5c/e9/06aee6107cf8e7b870f10f82539f366cba10dc6053144cca80e838caf8c8/lxml-6.1.2-cp315-cp315-win_amd64.whl", hash = "sha256:a7fd1dd6faa3df9dcd8f1765237362cd885ca62cdf77a7c5f5ea383ae5b6048b", size = 4074590, upload-time = "2026-08-19T05:05:09.697Z" },
    { url = "https://files.pythonhosted.org/packages/84/bf/dad9b6baf9b26d79584834e15cef2a5dd0a13c7b1df08831e8f18244b494/lxml-6.1.2-cp315-cp315-win_arm64.whl", hash = "sha256:054175250531a5fb102d485743ff16412279c93add12385b3b1c3d7b16d8deaa", size = 3749336, upload-time = "2026-08-19T05:05:12.334Z" },
    { url = "https://files.pythonhosted.org/packages/5f/9d/cd0c43d45e2eb52df7735c6558f24054ca633499191899b0cb9040fbbc3c/lxml-6.1.2-cp315-cp315t-macosx_10_15_universal2.whl", hash = "sha256:84a2a46b93b789d8acb44cfcb3d967ce9dbe29884ddb93fbb1a33f0e0c8fcd86", size = 8857688, upload-time = "2026-08-19T05:04:24.648Z" },
    { url = "https://files.pythonhosted.org/packages/0b/26/27093dc1a9edbdd8a54652f237a387f7e63ec0192efe708bc2576d8a1383/lxml-6.1.2-cp315-cp315t-macosx_10_15_x86_64.whl", hash = "sha256:4aced3284e0353c798b060fe2c175eb81410e99b9a7e2ae6951be5333732b111", size = 4754422, upload-time = "2026-08-19T05:04:27.645Z" },
    { url = "https://files.pythonhosted.org/packages/2c/ee/502f7c93507f57eb496744a64da8f4ca86855cf88e48d14584342f1bfd92/lxml-6.1.2-cp315-cp315t-manylinux_2_26_aarch64.manylinux_2_28_aarch64.whl", hash = "sha256:47c92dc5167de16e27ace8332454f12ba172dcab04f7a78a9eae14e2e41b6a41", size = 5033396, upload-time = "2026-08-19T05:04:30.054Z" },
    { url = "https://files.pythonhosted.org/packages/bf/72/c4cbbe72f951650f2afe43a70e51687e111d82b9bec46e3310ea76419d46/lxml-6.1.2-cp315-cp315t-manylinux_2_26_ppc64le.manylinux_2_28_ppc64le.whl", hash = "sha256:40366c23a938008a3bedfcfd80709b3a857c188b4d710b083e978ef5d2c1c715", size = 5615298, upload-time = "2026-08-19T05:04:32.752Z" },
    { url = "https://files.pythonhosted.org/packages/14/83/a3df966d6d7b6513e9dfb6fbfb041c0619642170359c1b36ab20a83e59eb/lxml-6.1.2-cp315-cp315t-manylinux_2_26_x86_64.manylinux_2_28_x86_64.whl", hash = "sha256:1c4c6dc1b2485aaa4adfb6ed754f90dddcb2b96a66bbebc9e1ac242b5ce5e818", size = 5236282, upload-time = "2026-08-19T05:04:35.762Z" },
    { url = "https://files.pythonhosted.org/packages/4f/85/8692ec8173c9f8d295735b9bf410d202317e7b3ed11141e80a30f421f409/lxml-6.1.2-cp315-cp315t-manylinux_2_31_armv7l.whl", hash = "sha256:3a698fad6f122a9b3e2dc2fb598c1de7329c74a67c7a334c9109a440de2508e5", size = 4650647, upload-time = "2026-08-19T05:04:38.396Z" },
    { url = "https://files.pythonhosted.org/packages/11/e7/dbe3cece28a5bf82997a091d9dbb0fc49e725a5fa86550897ee2cf6412e6/lxml-6.1.2-cp315-cp315t-manylinux_2_38_riscv64.manylinux_2_39_riscv64.whl", hash = "sha256:14879fa5eb2b793c040bbfcb62011aa3015c65d6c9875e063ea98ce2029d51fb", size = 5243387, upload-time = "2026-08-19T05:04:41.247Z" },
    { url = "https://files.pythonhosted.org/packages/99/a9/81a2d27640db0d27200b2f32339a54e74c36d58feb5ad528b87d52a59ecc/lxml-6.1.2-cp315-cp315t-musllinux_1_2_aarch64.whl", hash = "sha256:b631174cd2e4d9f8a94ef17f911c6ded10ede93b5e7860dee7bbf85961d321e9", size = 5092624, upload-time = "2026-08-19T05:04:43.919Z" },
    { url = "https://files.pythonhosted.org/packages/cb/f4/0b0304c70c087f618d95b0306738b070bd556afd09c2c92589b78dbe5eb0/lxml-6.1.2-cp315-cp315t-musllinux_1_2_armv7l.whl", hash = "sha256:ceafa5e0536c62a5cd9f65327fa0b57d6f0b0e3435daf2c98a78d0dde7ecbae1", size = 4758742, upload-time = "2026-08-19T05:04:46.615Z" },
    { url = "https://files.pythonhosted.org/packages/a2/ec/f9fc45f1d01b632b673e11880e75292dff9953db9f426d1a38201b8eb5f5/lxml-6.1.2-cp315-cp315t-musllinux_1_2_ppc64le.whl", hash = "sha256:7c482e87cc86bed78a50462560675bc2c348ef72c47596f9b933346d5a8e920e", size = 5649540, upload-time = "2026-08-19T05:04:49.777Z" },
    { url = "https://files.pythonhosted.org/packages/6a/0b/d65e0458c2bcce0df68d5cc29ad0006e76446f02d9e50caf188fd1fb8bae/lxml-6.1.2-cp315-cp315t-musllinux_1_2_riscv64.whl", hash = "sha256:b1c0d2dde8a50520efc51644587f0fc4810e3af7d3e029d7af0be93bf39e2b5c", size = 5234869, upload-time = "2026-08-19T05:04:52.972Z" },
    { url = "https://files.pythonhosted.org/packages/ee/62/1fee828238badd3bfe9544f5cc9ce6ded421ef38e9634030445dedd78b36/lxml-6.1.2-cp315-cp315t-musllinux_1_2_x86_64.whl", hash = "sha256:dd7ea3fa47154b9fff90591b961e41b3718bd7fcd5bc2d9bb47e9845c8ace088", size = 5259992, upload-time = "2026-08-19T05:04:56.028Z" },
    { url = "https://files.pythonhosted.org/packages/20/18/35fb14dd6baccbffa6daeb2369802f04a94e3f73db3c7bb405dbab009729/lxml-6.1.2-cp315-cp315t-win32.whl", hash = "sha256:87534cec6ea325435e4adf2326b0cf3110eee9a47abf73652eb155db639c08c6", size = 3901151, upload-time = "2026-08-19T05:04:58.671Z" },
    { url = "https://files.pythonhosted.org/packages/f0/b6/07530896ca062bc3d2f09d5cb8a48e799c05b12c496205db03159ba13b6c/lxml-6.1.2-cp315-cp315t-win_amd64.whl", hash = "sha256:4e220a9c297e5d36895d489a08c9a3f1f6193b6414e702c5fb751e4a3767f8d0", size = 4395355, upload-time = "2026-08-19T05:05:01.651Z" },
    { url = "https://files.pythonhosted.org/packages/31/a8/237d8de1d77085cfd41d0c6049a044d8d01886f3afb7f1eda2f43d900a96/lxml-6.1.2-cp315-cp315t-win_arm64.whl", hash = "sha256:f16a407766bac51c65d605b06d900821751a79aa20e12185f273f14a17180e7b", size = 3822823, upload-time = "2026-08-19T05:05:04.63Z" },
]

[[package]]
name = "packaging"
version = "26.3"
source = { registry = "https://pypi.org/simple" }
sdist = { url = "https://files.pythonhosted.org/packages/7d/fa/3944b40b07da9ce895c0e6303a5ab7d53da063554f534556b134a54d6093/packaging-26.3.tar.gz", hash = "sha256:94edc256424af38762eb31306eed28beb9f0efc50a8837492c9d6fd6004aed79", size = 313412, upload-time = "2026-08-04T18:15:28.737Z" }
wheels = [
    { url = "https://files.pythonhosted.org/packages/63/34/ba1c580383c9eada3711951fef0795c80b829a078d72188184bcab9dd527/packaging-26.3-py3-none-any.whl", hash = "sha256:d7193f7c8e4e93f444fde0262bf90af30e16fa0ad0ad44cb553c87339b23cd1c", size = 129956, upload-time = "2026-08-04T18:15:27.159Z" },
]

[[package]]
name = "pdbpp"
version = "0.12.1"
source = { registry = "https://pypi.org/simple" }
dependencies = [
    { name = "fancycompleter" },
    { name = "pygments" },
]
sdist = { url = "https://files.pythonhosted.org/packages/95/8d/dbc2c26f9c947e3d6df82d3ee7711fb52a92000177cea22fd3e428dc0429/pdbpp-0.12.1.tar.gz", hash = "sha256:932cc5963760105e33607f44a1a3b83d28096d7dbf055b77b527c5c70a1dafef", size = 77358, upload-time = "2026-02-23T14:23:44.993Z" }
wheels = [
    { url = "https://files.pythonhosted.org/packages/05/4e/0703722c46447fa03c9425386b3ef3e90254a7c1eb5da654c3c33b210317/pdbpp-0.12.1-py3-none-any.whl", hash = "sha256:3828809519439f468c9475c4c2cbb3899f2f5ba40e79c207d90eabe4c2373f5e", size = 30659, upload-time = "2026-02-23T14:23:43.66Z" },
]

[[package]]
name = "pluggy"
version = "1.6.0"
source = { registry = "https://pypi.org/simple" }
sdist = { url = "https://files.pythonhosted.org/packages/f9/e2/3e91f31a7d2b083fe6ef3fa267035b518369d9511ffab804f839851d2779/pluggy-1.6.0.tar.gz", hash = "sha256:7dcc130b76258d33b90f61b658791dede3486c3e6bfb003ee5c9bfb396dd22f3", size = 69412, upload-time = "2025-05-15T12:30:07.975Z" }
wheels = [
    { url = "https://files.pythonhosted.org/packages/54/20/4d324d65cc6d9205fabedc306948156824eb9f0ee1633355a8f7ec5c66bf/pluggy-1.6.0-py3-none-any.whl", hash = "sha256:e920276dd6813095e9377c0bc5566d94c932c33b27a3e3945d8389c374dd4746", size = 20538, upload-time = "2025-05-15T12:30:06.134Z" },
]

[[package]]
name = "prometheus-client"
version = "0.26.0"
source = { registry = "https://pypi.org/simple" }
sdist = { url = "https://files.pythonhosted.org/packages/52/73/f1334c29c2af4cd9dba6c7817e61b611bd0215e2eb5565c6064a4de18802/prometheus_client-0.26.0.tar.gz", hash = "sha256:04a91bcf94e2cf74a44a1a874d651a2e853ed354b6e822f3b7487751465d5c2b", size = 92910, upload-time = "2026-07-24T19:36:41.893Z" }
wheels = [
    { url = "https://files.pythonhosted.org/packages/eb/a3/b69efbf4143b5b9859b977770bbbabcc2796b702fa69dc40271e45cd5a56/prometheus_client-0.26.0-py3-none-any.whl", hash = "sha256:fa93d06737aa02bacd05794768508bb97d2fbee28cb3bca04eaae92f0ca953d6", size = 64494, upload-time = "2026-07-24T19:36:40.854Z" },
]

[[package]]
name = "pygments"
version = "2.21.0"
source = { registry = "https://pypi.org/simple" }
sdist = { url = "https://files.pythonhosted.org/packages/49/2e/ced460408999b33da6b31b0021b0f37d329e202d4169aeb164493778f25b/pygments-2.21.0.tar.gz", hash = "sha256:610ca751c9bc2492b38eb9a38a7fbc93edbbb2d7182edaf34e66ae493dee5c8c", size = 5005329, upload-time = "2026-08-17T08:02:48.824Z" }
wheels = [
    { url = "https://files.pythonhosted.org/packages/71/46/17f022dd3e953bf20a04a028a21ec746d942f8d2af30fa0f124fa0e6a684/pygments-2.21.0-py3-none-any.whl", hash = "sha256:2363c69b61c4a97c838da3b130dcd6468f4848992b21a82f2a63ec34377137d9", size = 1250147, upload-time = "2026-08-17T08:02:44.912Z" },
]

[[package]]
name = "pyquery"
version = "2.1.0"
source = { registry = "https://pypi.org/simple" }
dependencies = [
    { name = "cssselect" },
    { name = "lxml" },
]
sdist = { url = "https://files.pythonhosted.org/packages/c5/d8/955aef5c4ba7e01c67779a9856c4030aa89b6600b78544eae8a22a91185b/pyquery-2.1.0.tar.gz", hash = "sha256:75238388750fc6e254b7a52f771027b9beb3a6202b88048bef52a00b0abeadbb", size = 45963, upload-time = "2026-07-27T19:00:05.86Z" }
wheels = [
    { url = "https://files.pythonhosted.org/packages/2f/d2/5eab7f15bdb63c5281f625a003e999ef3f843c35972c936b07ea868cb854/pyquery-2.1.0-py3-none-any.whl", hash = "sha256:74c9e65ea0cfbcf644a8c3fd438a3dedbcbbd497b9cb366a4f360dba72f8aebb", size = 22907, upload-time = "2026-07-27T19:00:04.658Z" },
]

[[package]]
name = "pytest"
version = "9.1.1"
source = { registry = "https://pypi.org/simple" }
dependencies = [
    { name = "colorama", marker = "sys_platform == 'win32'" },
    { name = "iniconfig" },
    { name = "packaging" },
    { name = "pluggy" },
    { name = "pygments" },
]
sdist = { url = "https://files.pythonhosted.org/packages/e4/47/b9efed96c114afcfa3c9d3fe98a76a1d14c74a9e266d397cf6eb64be5e01/pytest-9.1.1.tar.gz", hash = "sha256:1088fbde8f2b49d95a549a195707afa7a76a3ce9bcadc26b6d71f0ffda5fe313", size = 1636369, upload-time = "2026-06-19T10:58:32.857Z" }
wheels = [
    { url = "https://files.pythonhosted.org/packages/24/25/1de2678b631f5a49215c6c96fff41ba892b0a34df68d6d80292b1b48aa7f/pytest-9.1.1-py3-none-any.whl", hash = "sha256:37a86b45efb9a47a61a36449063e8e18d0cab3161329fc099eb21783169c4f0c", size = 386536, upload-time = "2026-06-19T10:58:31.347Z" },
]

[[package]]
name = "pytz"
version = "2026.3.post1"
source = { registry = "https://pypi.org/simple" }
sdist = { url = "https://files.pythonhosted.org/packages/fb/48/fb042503b6ca6cd271261dc559fd6432f7d8c713153e9ec5c591af4dfc1c/pytz-2026.3.post1.tar.gz", hash = "sha256:2211d3fcf9a797d3405cac96ac7f61d80e6a644f72a3309607282fe8a2010c5d", size = 319745, upload-time = "2026-07-25T15:12:07.385Z" }
wheels = [
    { url = "https://files.pythonhosted.org/packages/0f/7b/39c34ca613b0b198cb866466651b26b045e2009864c5183c979a3b83f383/pytz-2026.3.post1-py2.py3-none-any.whl", hash = "sha256:dd95840dd199baea12d9cc096a1d452caa6596a1c1e4b5f3dbd1541855d5e815", size = 508283, upload-time = "2026-07-25T15:12:05.782Z" },
]

[[package]]
name = "setuptools"
version = "84.0.0"
source = { registry = "https://pypi.org/simple" }
sdist = { url = "https://files.pythonhosted.org/packages/6d/44/f5da03a8ef95d369145c5bb53050e7877c9f3d312e128605fd9504829143/setuptools-84.0.0.tar.gz", hash = "sha256:f4695c21257f0d9b537ec2692c941d02ee143b7cc1276941349a546573b2ef73", size = 1168449, upload-time = "2026-08-08T18:27:58.365Z" }
wheels = [
    { url = "https://files.pythonhosted.org/packages/95/9c/c510029fc6ef33a6275cd2c5d3cecd6613dfd6aa401d57c54f1c18852ccf/setuptools-84.0.0-py3-none-any.whl", hash = "sha256:51a52592b3b99e102b609654876bd65f19f999935166d1352678931132b0c670", size = 818216, upload-time = "2026-08-08T18:27:56.719Z" },
]

[[package]]
name = "soupsieve"
version = "2.9.2"
source = { registry = "https://pypi.org/simple" }
sdist = { url = "https://files.pythonhosted.org/packages/69/99/a6ca3beb3ccacb41fb3321d8a60e5566f9e6467601ef8eba6a17e1b89778/soupsieve-2.9.2.tar.gz", hash = "sha256:4a55d8cf158a9c2e587fa4922f1bbb91d68ac829e2d6f25403a85747c71daf74", size = 122445, upload-time = "2026-08-07T00:57:24.801Z" }
wheels = [
    { url = "https://files.pythonhosted.org/packages/eb/dc/ad025c1ee131eba60c69f4dd5779b18fcf1e6b21a343e2162a84d5d133c7/soupsieve-2.9.2-py3-none-any.whl", hash = "sha256:8089a26fd974ca7a1f30276d3d8492ab266ab15af581642dfe8aa162e0c1c823", size = 37370, upload-time = "2026-08-07T00:57:23.524Z" },
]

[[package]]
name = "typing-extensions"
version = "4.16.0"
source = { registry = "https://pypi.org/simple" }
sdist = { url = "https://files.pythonhosted.org/packages/f6/cc/6253133b5bb138fc3306cebfbda2c520f545d36b5be2c7255cc528bb45d6/typing_extensions-4.16.0.tar.gz", hash = "sha256:dc983d19a509c94dba722ee6abd33940f7c05a89e243c47e907eb4db6f1a43e5", size = 113555, upload-time = "2026-07-02T08:40:05.92Z" }
wheels = [
    { url = "https://files.pythonhosted.org/packages/49/d3/b8441a820a491ddfc024b0b0cf0393375b75ea13866d9c66727e54c2fc80/typing_extensions-4.16.0-py3-none-any.whl", hash = "sha256:481caa481374e813c1b176ada14e97f1f67a4539ce9cfeb3f350d78d6370c2e8", size = 45571, upload-time = "2026-07-02T08:40:04.659Z" },
]

[[package]]
name = "waitress"
version = "3.0.2"
source = { registry = "https://pypi.org/simple" }
sdist = { url = "https://files.pythonhosted.org/packages/bf/cb/04ddb054f45faa306a230769e868c28b8065ea196891f09004ebace5b184/waitress-3.0.2.tar.gz", hash = "sha256:682aaaf2af0c44ada4abfb70ded36393f0e307f4ab9456a215ce0020baefc31f", size = 179901, upload-time = "2024-11-16T20:02:35.195Z" }
wheels = [
    { url = "https://files.pythonhosted.org/packages/8d/57/a27182528c90ef38d82b636a11f606b0cbb0e17588ed205435f8affe3368/waitress-3.0.2-py3-none-any.whl", hash = "sha256:c56d67fd6e87c2ee598b76abdd4e96cfad1f24cacdea5078d382b1f9d7b5ed2e", size = 56232, upload-time = "2024-11-16T20:02:33.858Z" },
]

[[package]]
name = "webob"
version = "1.8.11"
source = { registry = "https://pypi.org/simple" }
dependencies = [
    { name = "legacy-cgi" },
]
sdist = { url = "https://files.pythonhosted.org/packages/e6/92/9329872e36be90e25ba616ac6e9ee8c1be4326a1ea3fdffcdabd0eb48efb/webob-1.8.11.tar.gz", hash = "sha256:aa8c27231070b135c025e567a9cd7eda03f4df71352ffaac740cb6a75f0f81a5", size = 286047, upload-time = "2026-08-02T06:26:26.063Z" }
wheels = [
    { url = "https://files.pythonhosted.org/packages/c1/71/370a65bc7726a1cbf478445c898c7affe907aa42e2e9e5bb38319db74115/webob-1.8.11-py2.py3-none-any.whl", hash = "sha256:4addd1d38d6a7fbe0eda22d45f25a40d74c8b290f3a99c0ac3d4023cf21f2da2", size = 118319, upload-time = "2026-08-02T06:26:24.765Z" },
]

[[package]]
name = "webtest"
version = "3.0.7"
source = { registry = "https://pypi.org/simple" }
dependencies = [
    { name = "beautifulsoup4" },
    { name = "waitress" },
    { name = "webob" },
]
sdist = { url = "https://files.pythonhosted.org/packages/20/85/73877efb10ba4ef02364d5671724b1326d482dc928eace5fe114215443b7/webtest-3.0.7.tar.gz", hash = "sha256:7aeab50f970d46c068e7a36dd162cb242591edf72a1d04efd21374772b931741", size = 80260, upload-time = "2025-10-06T20:38:59.293Z" }
wheels = [
    { url = "https://files.pythonhosted.org/packages/73/74/cb337bb1758254589b6fdc0aeeb91fa987ac1e6877a79b75edbd214fc0a9/webtest-3.0.7-py3-none-any.whl", hash = "sha256:2f51a0844f3a8beaef89bc23d225fe05ad816f7e429ffcc655a13013a799ac6c", size = 32393, upload-time = "2025-10-06T20:38:57.728Z" },
]

[[package]]
name = "wsgiproxy2"
version = "0.5.1"
source = { registry = "https://pypi.org/simple" }
dependencies = [
    { name = "webob" },
]
sdist = { url = "https://files.pythonhosted.org/packages/f0/ae/cad3131f771a38b4cdad6ca82bfee1800afc69758c70d0e70483ed1f6b30/WSGIProxy2-0.5.1.tar.gz", hash = "sha256:0d9ecb141de720e2fd4f7a275a4a83a961ffeb6717483d940021ffa1c46f665c", size = 16565, upload-time = "2021-08-26T11:51:24.19Z" }
wheels = [
    { url = "https://files.pythonhosted.org/packages/4f/b9/472013e536aa22eba099becd8d1c8cddc1fd900303c60c75a643a59e41a3/WSGIProxy2-0.5.1-py3-none-any.whl", hash = "sha256:37ab414dc568aba8c1fb0660885d05ab7ddde0a3460af90fea415afcdd7dfca8", size = 9190, upload-time = "2021-08-26T11:51:21.201Z" },
]

[[package]]
name = "zope-cachedescriptors"
version = "6.0"
source = { registry = "https://pypi.org/simple" }
dependencies = [
    { name = "setuptools" },
]
sdist = { url = "https://files.pythonhosted.org/packages/31/2a/4f02f5589b2312cddad6a0a11236e465eba28234965341537502389f86f7/zope_cachedescriptors-6.0.tar.gz", hash = "sha256:9bb2a04fd0037a861a8e368e51aa60a3b9d2f4ccbf7b793070df5cc79dde1f74", size = 14053, upload-time = "2025-09-12T06:58:00.593Z" }
wheels = [
    { url = "https://files.pythonhosted.org/packages/06/86/6d2180496ffb40c006120c4042e2702b9fcd525cb66fa46ea41bf51f8085/zope_cachedescriptors-6.0-py3-none-any.whl", hash = "sha256:23c6c276d756ac017e7a72a736a292415bd64d63f90dc8f9a8122ac05e4d1a52", size = 12591, upload-time = "2025-09-12T06:57:58.941Z" },
]

[[package]]
name = "zope-event"
version = "6.2"
source = { registry = "https://pypi.org/simple" }
sdist = { url = "https://files.pythonhosted.org/packages/93/41/faa10af34d48d9cd6fa0249a1162943ad84a9590bd1a06939981e6640416/zope_event-6.2.tar.gz", hash = "sha256:b97d5d6327067ee6b9dfcbdf606ade9ade70991e19c162e808ea39e5fcf0f8d3", size = 18958, upload-time = "2026-04-28T06:24:10.578Z" }
wheels = [
    { url = "https://files.pythonhosted.org/packages/9e/33/848922889e946d4befc415c219fe516af75c49555d8e736e183bfd30db42/zope_event-6.2-py3-none-any.whl", hash = "sha256:5e755153ac4faf64c10a4b6dd3307680166a3edf65b38df22df592610f8fa874", size = 6525, upload-time = "2026-04-28T06:24:09.176Z" },
]

[[package]]
name = "zope-interface"
version = "8.5"
source = { registry = "https://pypi.org/simple" }
sdist = { url = "https://files.pythonhosted.org/packages/08/dc/50550cfcbb2ea3cbca5f1d7ed05c8aa840f831a0f2d63aec0a953f7c590e/zope_interface-8.5.tar.gz", hash = "sha256:7a3ba1c5877f0f3e3906b02ddf793abed2becc2948116414ce0e1dd820b68d6d", size = 257957, upload-time = "2026-05-26T06:50:14.574Z" }
wheels = [
    { url = "https://files.pythonhosted.org/packages/d4/19/5032e954827fdf02db2d2f49737ac4378bb9cfc2cd95a8f2e2a5ae2ec01a/zope_interface-8.5-cp314-cp314-macosx_10_9_x86_64.whl", hash = "sha256:ffaecf013251a89d0de6feb49a46eba48ad8cbbf8a40aeb6045e459e7bec6784", size = 212597, upload-time = "2026-05-26T06:49:51.63Z" },
    { url = "https://files.pythonhosted.org/packages/f1/53/3ef644012cf8a6a234a2d6134aab5a5c65ac5467c86296865501d4fbc406/zope_interface-8.5-cp314-cp314-macosx_11_0_arm64.whl", hash = "sha256:126fa9d1c52295ae076d4cf968634f0a1826afa408a20808b57ff72877b8f69f", size = 212626, upload-time = "2026-05-26T06:49:53.236Z" },
    { url = "https://files.pythonhosted.org/packages/32/67/bc8b4f465d388039255003e230c284a175cedf1203c692f23cb7bff64efe/zope_interface-8.5-cp314-cp314-manylinux1_i686.manylinux2014_i686.manylinux_2_17_i686.manylinux_2_5_i686.whl", hash = "sha256:3090e3a663d20194756a59a272e0c8508b889341e31d5894223331fe6b4f9b21", size = 266827, upload-time = "2026-05-26T06:49:54.873Z" },
    { url = "https://files.pythonhosted.org/packages/a7/eb/37d05b935ede53d79690fecc8d201440084418e590bcfc05f384451c7593/zope_interface-8.5-cp314-cp314-manylinux1_x86_64.manylinux2014_x86_64.manylinux_2_17_x86_64.manylinux_2_5_x86_64.whl", hash = "sha256:9342fb74e2afefdb081bf1df727d209ea56995c6e13f5a0540e6d7aff4beafb8", size = 270139, upload-time = "2026-05-26T06:49:57.116Z" },
    { url = "https://files.pythonhosted.org/packages/8b/0b/fd0c54579e2ce8dc6cf1a757903f3374bc6fbda929a46af9e0f53cb0e5f0/zope_interface-8.5-cp314-cp314-manylinux2014_aarch64.manylinux_2_17_aarch64.whl", hash = "sha256:6c54725d818f1b57a7efb8b16528326e1f3c257b602b32393fd255c45af8799d", size = 270338, upload-time = "2026-05-26T06:49:58.698Z" },
    { url = "https://files.pythonhosted.org/packages/c1/1d/c420dcd777bb761067ea92879ac766694a5ca78608185f1aecea64cbfc11/zope_interface-8.5-cp314-cp314-win_amd64.whl", hash = "sha256:29d74febbae1afeb6834c4ccbf42e242a673c860060f09e53142825270456140", size = 215789, upload-time = "2026-05-26T06:50:00.405Z" },
    { url = "https://files.pythonhosted.org/packages/62/94/50b5eb8f94e527edceac14f9955e58917424ea79bb572ddc18548561cbc2/zope_interface-8.5-cp314-cp314-win_arm64.whl", hash = "sha256:633c8c49396f38df030340797c533e9fe460d1b5d1e42d88e55e938e525f548c", size = 213757, upload-time = "2026-05-26T06:50:01.973Z" },
    { url = "https://files.pythonhosted.org/packages/17/6f/5d5f32c4dfcdb16ce2ec5363da686840f13c13e1a1214cb70b49e1cd6d9f/zope_interface-8.5-cp314-cp314t-macosx_10_9_x86_64.whl", hash = "sha256:133999820fdbae513c36c03d6f29ef87317aaa3edef39112222b155083664714", size = 213591, upload-time = "2026-05-26T06:50:03.529Z" },
    { url = "https://files.pythonhosted.org/packages/f3/55/de0c3459ff717fce3342f9a29464c281fdeb0d36c3171ee88d119d5f0650/zope_interface-8.5-cp314-cp314t-macosx_11_0_arm64.whl", hash = "sha256:8bd75c96966e573232f0599deaff717564828031c7f05563ccc1ac35c5ee0304", size = 213733, upload-time = "2026-05-26T06:50:05.101Z" },
    { url = "https://files.pythonhosted.org/packages/c2/95/d97430abd5ae9677e8b9295b58720c0064a5b557dbb6b8bf5928484cf0d8/zope_interface-8.5-cp314-cp314t-manylinux1_i686.manylinux2014_i686.manylinux_2_17_i686.manylinux_2_5_i686.whl", hash = "sha256:14b0e9799351d4c34fe99afd67f0cdd76e55ba15c66a98699d5fc22ea8241e08", size = 294905, upload-time = "2026-05-26T06:50:07.384Z" },
    { url = "https://files.pythonhosted.org/packages/41/ec/a0f8f3dad6e74992f4654bdd94802be0929eabca7b871cac3b6fbb5e961b/zope_interface-8.5-cp314-cp314t-manylinux1_x86_64.manylinux2014_x86_64.manylinux_2_17_x86_64.manylinux_2_5_x86_64.whl", hash = "sha256:0cd6a732ac84b94eb1ef9222a117347a27efd294ee16810ffdf7ecd307677ed5", size = 300885, upload-time = "2026-05-26T06:50:08.997Z" },
    { url = "https://files.pythonhosted.org/packages/0f/da/6881b48803a0ee8d23eb5efa30fce3ed218a2bd9de5758ce489d224fee81/zope_interface-8.5-cp314-cp314t-manylinux2014_aarch64.manylinux_2_17_aarch64.whl", hash = "sha256:798b7c87d0e59a7d5d086d642208d0d8700ff0d55c4029134b3c479c3bfb110f", size = 304672, upload-time = "2026-05-26T06:50:10.563Z" },
    { url = "https://files.pythonhosted.org/packages/2e/0e/b4c01320859ff1d585438bc231fd60bd258d096359bccf6654fecdf0cffb/zope_interface-8.5-cp314-cp314t-win_amd64.whl", hash = "sha256:0fc3a9d45f114d27eaa1e53beeb144533689edca8a9f66505b1e8e8b3f075e42", size = 217241, upload-time = "2026-05-26T06:50:12.171Z" },
]

[[package]]
name = "zope-schema"
version = "8.1"
source = { registry = "https://pypi.org/simple" }
dependencies = [
    { name = "zope-event" },
    { name = "zope-interface" },
]
sdist = { url = "https://files.pythonhosted.org/packages/17/25/2f1bdf78a8b94460db53972253b455a3b2576e6822dccb3e402d9179fad3/zope_schema-8.1.tar.gz", hash = "sha256:2d9faa7f91a7bf09fcab2c039d9182fcc9ce7042dc77e18d3df277904aee0948", size = 109902, upload-time = "2025-10-26T16:03:59.609Z" }
wheels = [
    { url = "https://files.pythonhosted.org/packages/4f/bd/be14d41f6fbd66dec7b95889ae65bdf0ad54d4b2eca0ed5e5ab1ac576a91/zope_schema-8.1-py3-none-any.whl", hash = "sha256:e5313ef0f20b0e5b6ecf9a75fd7bd59bc772244351144097e086a5822fe8b0bb", size = 85009, upload-time = "2025-10-26T16:03:57.655Z" },
]

[[package]]
name = "zope-testbrowser"
version = "8.0"
source = { registry = "https://pypi.org/simple" }
dependencies = [
    { name = "beautifulsoup4" },
    { name = "legacy-cgi" },
    { name = "pytz" },
    { name = "setuptools" },
    { name = "soupsieve" },
    { name = "webtest" },
    { name = "wsgiproxy2" },
    { name = "zope-cachedescriptors" },
    { name = "zope-interface" },
    { name = "zope-schema" },
]
sdist = { url = "https://files.pythonhosted.org/packages/6b/ec/276b549de5b32cb2e883dbf31cfb788a9bc22fbd44b409aad5bc320e5d5b/zope_testbrowser-8.0.tar.gz", hash = "sha256:35175e97be098cc4f8357ef83fbb5f3280e0e2400e8ea30b0e7e8533dd3d150d", size = 85963, upload-time = "2025-09-12T07:48:08.104Z" }
wheels = [
    { url = "https://files.pythonhosted.org/packages/0c/5a/5a22c73a1e8c999114ae01c297b3291bb6afd73b4ca4acfd6af11e1312c3/zope_testbrowser-8.0-py3-none-any.whl", hash = "sha256:eaa5b94d8e11e66735b61d277882691f2a0ce3e90f23fca250e6e3f7e478ea2a", size = 62968, upload-time = "2025-09-12T07:48:06.82Z" },
]
